PODS:
  - AFNetworking (1.3.4)
  - AZSocketIO (0.0.5):
    - AFNetworking (~> 1.x)
    - SocketRocket (~> 0.x)
  - DBCamera (2.3.16):
    - GPUImage (~> 0.1)
  - DCAnimationKit (0.0.6)
  - FCFileManager (1.0.7)
  - GPUImage (0.1.6)
  - ISO8601DateFormatterValueTransformer (0.6.0):
    - RKValueTransformers (~> 1.1.0)
  - JSBadgeView (1.4)
  - JSQMessagesViewController (7.0.0):
    - JSQSystemSoundPlayer (~> 2.0.1)
  - JSQSystemSoundPlayer (2.0.1)
  - MagicalRecord (2.2):
    - MagicalRecord/Core (= 2.2)
  - MagicalRecord/Core (2.2)
  - MHVideoPhotoGallery (1.6.7):
    - SDWebImage
  - MJExtension (2.5.2)
  - NYXImagesKit (2.3)
  - RestKit (0.24.1):
    - RestKit/Core (= 0.24.1)
  - RestKit/Core (0.24.1):
    - RestKit/CoreData
    - RestKit/Network
    - RestKit/ObjectMapping
  - RestKit/CoreData (0.24.1):
    - RestKit/ObjectMapping
  - RestKit/Network (0.24.1):
    - AFNetworking (~> 1.3.0)
    - RestKit/ObjectMapping
    - RestKit/Support
    - SOCKit
  - RestKit/ObjectMapping (0.24.1):
    - ISO8601DateFormatterValueTransformer (~> 0.6.0)
    - RestKit/Support
    - RKValueTransformers (~> 1.1.0)
  - RestKit/Support (0.24.1):
    - TransitionKit (~> 2.1.0)
  - RKValueTransformers (1.1.2)
  - SDWebImage (3.7.2):
    - SDWebImage/Core (= 3.7.2)
  - SDWebImage/Core (3.7.2)
  - SocketRocket (0.3.1-beta2)
  - SOCKit (1.1)
  - SSWeChatSDK (1.5.0)
  - SVProgressHUD (1.1.3)
  - TransitionKit (2.1.1)
  - UIActivityIndicator-for-SDWebImage (1.2):
    - SDWebImage (~> 3.7)

DEPENDENCIES:
  - AZSocketIO (= 0.0.5)
  - DBCamera (~> 2.3)
  - DCAnimationKit
  - FCFileManager
  - JSBadgeView
  - JSQMessagesViewController (= 7.0.0)
  - MagicalRecord
  - MHVideoPhotoGallery
  - MJExtension
  - NYXImagesKit
  - RestKit
  - SDWebImage
  - SSWeChatSDK (~> 1.5)
  - SVProgressHUD
  - UIActivityIndicator-for-SDWebImage

SPEC CHECKSUMS:
  AFNetworking: cf8e418e16f0c9c7e5c3150d019a3c679d015018
  AZSocketIO: 0d9604933c1509fa2f6d755f8a4df235fe3eac6c
  DBCamera: c88a0deea468d153f54196e56a423301c7092737
  DCAnimationKit: 7133bef877ce1aa113dcfeea1380ca67f91f7608
  FCFileManager: fd77211e8448b0e9713d51d4f75769d9dc4ceb58
  GPUImage: 4675ce4a5370ca92fcea8623b2a08b8f0c51b940
  ISO8601DateFormatterValueTransformer: 3ac3a721381697cab4e792d8049ce2f2e9ad3036
  JSBadgeView: 3bcf5042339628825797438ceeb76ca59c0285ef
  JSQMessagesViewController: 9fd7e9ac96e9fc91f2deca86928e2cc916aeebaa
  JSQSystemSoundPlayer: c5850e77a4363ffd374cd851154b9af93264ed8d
  MagicalRecord: f8a56bb87ab6552f20c4bb8681a1958a197ea3cd
  MHVideoPhotoGallery: d6433bc1ec2caf227ad960ee709500b23949bbb2
  MJExtension: 73e812aca0846e4a7b4d7aca34cfacf48d1f3310
  NYXImagesKit: 8163e3335a40eaa173ca5bbbf81fafb57d3947eb
  RestKit: 1987b5efef289c6b27bd980714d6ca48d3871b78
  RKValueTransformers: 66ac5e4f077fdbe3496e792d89eeff4c3eb67701
  SDWebImage: 71b7cdc1d1721d6a82ed62889030225f2c249e29
  SocketRocket: 7284ab9370a06c99aba92b2fe3a32aedd0f9a6fa
  SOCKit: c7376ac262bea9115b8f749358f762522a47d392
  SSWeChatSDK: e4c8f8234285ef3ffc040424ff9ef472290e0ff6
  SVProgressHUD: 748080e4f36e603f6c02aec292664239df5279c1
  TransitionKit: 3a14b6acc7cf2d1dd3e454e24dbad1cfab9a1ef1
  UIActivityIndicator-for-SDWebImage: 7bf7ebbf0ed1747dedc0d6e949c4603a6d0f9e0c

COCOAPODS: 0.38.0
