// !$*UTF8*$!
{
	archiveVersion = 1;
	classes = {
	};
	objectVersion = 46;
	objects = {

/* Begin PBXBuildFile section */
		17B993011AF353D000204E97 /* amrFileCodec.m in Sources */ = {isa = PBXBuildFile; fileRef = 17B993001AF353D000204E97 /* amrFileCodec.m */; };
		17B993081AF3540D00204E97 /* libopencore-amrnb.a in Frameworks */ = {isa = PBXBuildFile; fileRef = 17B993071AF3540D00204E97 /* libopencore-amrnb.a */; };
		1F123E9E1E517E7100466750 /* GroupViewController.swift in Sources */ = {isa = PBXBuildFile; fileRef = 1FF9B9621C5A3BD0008BB6ED /* GroupViewController.swift */; };
		1F7AEE4A1E5EB988009F3806 /* ChatTableViewTextCell.xib in Resources */ = {isa = PBXBuildFile; fileRef = 1F7AEE491E5EB988009F3806 /* ChatTableViewTextCell.xib */; };
		1F7AEE4C1E5EB99F009F3806 /* ChatTableViewImageCell.xib in Resources */ = {isa = PBXBuildFile; fileRef = 1F7AEE4B1E5EB99F009F3806 /* ChatTableViewImageCell.xib */; };
		1F7AEE4E1E5EB9C8009F3806 /* ChatTableViewTextCell.swift in Sources */ = {isa = PBXBuildFile; fileRef = 1F7AEE4D1E5EB9C8009F3806 /* ChatTableViewTextCell.swift */; };
		1F7AEE501E5EB9E0009F3806 /* ChatTableViewImageCell.swift in Sources */ = {isa = PBXBuildFile; fileRef = 1F7AEE4F1E5EB9E0009F3806 /* ChatTableViewImageCell.swift */; };
		1FA76AFE1BA27B1E004776B0 /* Group.storyboard in Resources */ = {isa = PBXBuildFile; fileRef = 1FA76AFD1BA27B1E004776B0 /* Group.storyboard */; };
		1FEE80E81B4E552A0061B913 /* Home.storyboard in Resources */ = {isa = PBXBuildFile; fileRef = 1FEE80E71B4E552A0061B913 /* Home.storyboard */; };
		1FF6930D1C1E95FC00777BD5 /* Landing.storyboard in Resources */ = {isa = PBXBuildFile; fileRef = 1FF6930C1C1E95FC00777BD5 /* Landing.storyboard */; };
		1FF9B95F1C59EB5C008BB6ED /* Chat.storyboard in Resources */ = {isa = PBXBuildFile; fileRef = 1FF9B95E1C59EB5C008BB6ED /* Chat.storyboard */; };
		290134D81AC3991C00BBFE29 /* AppDelegate.swift in Sources */ = {isa = PBXBuildFile; fileRef = 290134D71AC3991C00BBFE29 /* AppDelegate.swift */; };
		290134DF1AC3991C00BBFE29 /* Images.xcassets in Resources */ = {isa = PBXBuildFile; fileRef = 290134DE1AC3991C00BBFE29 /* Images.xcassets */; };
		295272D01AD51B2300FC7833 /* S3.swift in Sources */ = {isa = PBXBuildFile; fileRef = 295272CF1AD51B2300FC7833 /* S3.swift */; };
		296040401ACE46E000D2A338 /* Constants.swift in Sources */ = {isa = PBXBuildFile; fileRef = 2901351C1AC3A90C00BBFE29 /* Constants.swift */; };
		296D8BAC1AFC59F10058D400 /* TabBarController.swift in Sources */ = {isa = PBXBuildFile; fileRef = 296D8BAA1AFC59F10058D400 /* TabBarController.swift */; };
		296D8BC31AFC5A680058D400 /* LaunchScreen.xib in Resources */ = {isa = PBXBuildFile; fileRef = 296D8BBC1AFC5A680058D400 /* LaunchScreen.xib */; };
		296D8BC41AFC5A680058D400 /* Main.storyboard in Resources */ = {isa = PBXBuildFile; fileRef = 296D8BBD1AFC5A680058D400 /* Main.storyboard */; };
		29BE7E121AC54224008110B4 /* Util.swift in Sources */ = {isa = PBXBuildFile; fileRef = 29BE7E111AC54224008110B4 /* Util.swift */; };
		29CA441E1AD4CAF0009EB177 /* Setting.storyboard in Resources */ = {isa = PBXBuildFile; fileRef = 29CA441D1AD4CAF0009EB177 /* Setting.storyboard */; };
		559DCAD51C5FB373003FA73C /* Map.storyboard in Resources */ = {isa = PBXBuildFile; fileRef = 559DCAD41C5FB373003FA73C /* Map.storyboard */; };
		D000F17D1C2809DF00AD873C /* TomoTests.swift in Sources */ = {isa = PBXBuildFile; fileRef = D000F17C1C2809DF00AD873C /* TomoTests.swift */; };
		D007D8801E25C3730005DC21 /* CreatePostViewController.swift in Sources */ = {isa = PBXBuildFile; fileRef = 1F18B8331B844665003BD469 /* CreatePostViewController.swift */; };
		D007D8811E25C8A40005DC21 /* GroupDescriptionViewController.swift in Sources */ = {isa = PBXBuildFile; fileRef = 28CB45E01BB13FB200182924 /* GroupDescriptionViewController.swift */; };
		D007D8821E25DD780005DC21 /* LatestMessagesViewController.swift in Sources */ = {isa = PBXBuildFile; fileRef = 1F07C34E1C5F7C8200CD9212 /* LatestMessagesViewController.swift */; };
		D007D8831E25E48F0005DC21 /* ContactsViewController.swift in Sources */ = {isa = PBXBuildFile; fileRef = 1FF9B9601C59FC29008BB6ED /* ContactsViewController.swift */; };
		D007D8841E25E4930005DC21 /* SearchFriendViewController.swift in Sources */ = {isa = PBXBuildFile; fileRef = 1F79C1B71B5E730E008800E1 /* SearchFriendViewController.swift */; };
		D007D8851E25E4960005DC21 /* ContactsNavigationController.swift in Sources */ = {isa = PBXBuildFile; fileRef = 1FAE41831C5EFDF90050CEED /* ContactsNavigationController.swift */; };
		D007D8871E25E7E00005DC21 /* StationDiscoverViewController.swift in Sources */ = {isa = PBXBuildFile; fileRef = 2869D71B1BB545FB00D1C479 /* StationDiscoverViewController.swift */; };
		D007D8881E25E9080005DC21 /* SignUpViewController.swift in Sources */ = {isa = PBXBuildFile; fileRef = 1FE7CEF41B8C9561006700FC /* SignUpViewController.swift */; };
		D007D8891E25E9100005DC21 /* LandingViewController.swift in Sources */ = {isa = PBXBuildFile; fileRef = 1FF693111C1EB88800777BD5 /* LandingViewController.swift */; };
		D007D88A1E25F8BC0005DC21 /* GroupAnnotationView.swift in Sources */ = {isa = PBXBuildFile; fileRef = 1FC268811BBABF20006F1FDA /* GroupAnnotationView.swift */; };
		D007D88B1E25F8BC0005DC21 /* PostAnnotation.swift in Sources */ = {isa = PBXBuildFile; fileRef = 1F6AE7841B6F1A2300D7F488 /* PostAnnotation.swift */; };
		D007D88C1E25F8BC0005DC21 /* PostAnnotationView.swift in Sources */ = {isa = PBXBuildFile; fileRef = 1F350B2A1B68D32800088C1E /* PostAnnotationView.swift */; };
		D007D88D1E25F8BC0005DC21 /* StationAnnotation.swift in Sources */ = {isa = PBXBuildFile; fileRef = 1FAA70FB1BBBF97B00BCE5AF /* StationAnnotation.swift */; };
		D007D88E1E25F8BC0005DC21 /* UserAnnotation.swift in Sources */ = {isa = PBXBuildFile; fileRef = 1F36D6E51C3E2DD8007769F0 /* UserAnnotation.swift */; };
		D007D88F1E25F8BC0005DC21 /* UserAnnotationView.swift in Sources */ = {isa = PBXBuildFile; fileRef = 1F36D6E71C3E2E4C007769F0 /* UserAnnotationView.swift */; };
		D007D8901E25F9700005DC21 /* MapViewController.swift in Sources */ = {isa = PBXBuildFile; fileRef = 290144161ADF6D890048F3D8 /* MapViewController.swift */; };
		D007D8911E25FB500005DC21 /* PickerTableViewController.swift in Sources */ = {isa = PBXBuildFile; fileRef = D07793841B704F290056B7CB /* PickerTableViewController.swift */; };
		D007D8921E25FB500005DC21 /* DatePickerViewController.swift in Sources */ = {isa = PBXBuildFile; fileRef = D07793861B704F410056B7CB /* DatePickerViewController.swift */; };
		D007D8951E25FBD60005DC21 /* MyAccountEditViewController.swift in Sources */ = {isa = PBXBuildFile; fileRef = 1F937FE71B58EE8B009722CE /* MyAccountEditViewController.swift */; };
		D007D8961E25FBD60005DC21 /* MyAccountViewController.swift in Sources */ = {isa = PBXBuildFile; fileRef = 1F937FE51B58C2E3009722CE /* MyAccountViewController.swift */; };
		D007D8971E25FBD60005DC21 /* BookmarkedPostsViewController.swift in Sources */ = {isa = PBXBuildFile; fileRef = D0F44FAA1B5E4790009E12AA /* BookmarkedPostsViewController.swift */; };
		D007D8981E25FBD60005DC21 /* FriendListSendRequestController.swift in Sources */ = {isa = PBXBuildFile; fileRef = D0F44FAE1B5E540F009E12AA /* FriendListSendRequestController.swift */; };
		D007D8991E25FBD60005DC21 /* NotificationListViewController.swift in Sources */ = {isa = PBXBuildFile; fileRef = D07D8A191B99A3DF00D13096 /* NotificationListViewController.swift */; };
		D007D89A1E25FBD60005DC21 /* MyPostsViewController.swift in Sources */ = {isa = PBXBuildFile; fileRef = D0F44FAC1B5E534B009E12AA /* MyPostsViewController.swift */; };
		D007D89B1E25FBD60005DC21 /* PushSettingViewController.swift in Sources */ = {isa = PBXBuildFile; fileRef = D029F7311BCCB39E00CDE18B /* PushSettingViewController.swift */; };
		D007D89C1E25FBD60005DC21 /* AgreementViewController.swift in Sources */ = {isa = PBXBuildFile; fileRef = D0A104901BEAF1C700AEE356 /* AgreementViewController.swift */; };
		D007D89D1E25FBD60005DC21 /* SettingNavigationController.swift in Sources */ = {isa = PBXBuildFile; fileRef = 55DB7B931C5FCF6100F921F9 /* SettingNavigationController.swift */; };
		D0223CEE1E1F856E004D5FE3 /* RegViewController.swift in Sources */ = {isa = PBXBuildFile; fileRef = 29D398DA1ACB9C9100FB7E40 /* RegViewController.swift */; };
		D0349BB81E81021200D6877F /* IBInspectable.swift in Sources */ = {isa = PBXBuildFile; fileRef = D0349BB71E81021200D6877F /* IBInspectable.swift */; };
		D04C7AED1E83CF0A00BD2959 /* DispatchQueue.swift in Sources */ = {isa = PBXBuildFile; fileRef = D04C7AEC1E83CF0A00BD2959 /* DispatchQueue.swift */; };
		D05FFF2F1E514A8D00B60F15 /* ChatViewController.swift in Sources */ = {isa = PBXBuildFile; fileRef = D05FFF2E1E514A8D00B60F15 /* ChatViewController.swift */; };
		D05FFF501E5185EF00B60F15 /* ChatTableViewCell.xib in Resources */ = {isa = PBXBuildFile; fileRef = D05FFF4F1E5185EF00B60F15 /* ChatTableViewCell.xib */; };
		D097AE9C1E553D1300615728 /* Alamofire-SwiftyJSON.swift in Sources */ = {isa = PBXBuildFile; fileRef = D097AE951E553D1300615728 /* Alamofire-SwiftyJSON.swift */; };
		D097AE9D1E553D1300615728 /* Array.swift in Sources */ = {isa = PBXBuildFile; fileRef = D097AE961E553D1300615728 /* Array.swift */; };
		D097AE9E1E553D1300615728 /* RxSwift.swift in Sources */ = {isa = PBXBuildFile; fileRef = D097AE971E553D1300615728 /* RxSwift.swift */; };
		D097AE9F1E553D1300615728 /* String.swift in Sources */ = {isa = PBXBuildFile; fileRef = D097AE981E553D1300615728 /* String.swift */; };
		D097AEA01E553D1300615728 /* UIImage.swift in Sources */ = {isa = PBXBuildFile; fileRef = D097AE991E553D1300615728 /* UIImage.swift */; };
		D097AEA11E553D1300615728 /* UIViewController.swift in Sources */ = {isa = PBXBuildFile; fileRef = D097AE9A1E553D1300615728 /* UIViewController.swift */; };
		D097AEA21E553D1300615728 /* WechatKit+RxSwift.swift in Sources */ = {isa = PBXBuildFile; fileRef = D097AE9B1E553D1300615728 /* WechatKit+RxSwift.swift */; };
		D097AEA41E55421400615728 /* Date.swift in Sources */ = {isa = PBXBuildFile; fileRef = D097AEA31E55421400615728 /* Date.swift */; };
		D0A0C02B1B5F585B00ABFA5F /* Profile.storyboard in Resources */ = {isa = PBXBuildFile; fileRef = D0A0C02A1B5F585B00ABFA5F /* Profile.storyboard */; };
		D0A104951BEB055100AEE356 /* statements.html in Resources */ = {isa = PBXBuildFile; fileRef = D0A104941BEB055100AEE356 /* statements.html */; };
		D0A578061E1D02B100F8A8BC /* SocketController.swift in Sources */ = {isa = PBXBuildFile; fileRef = 29EA55AF1AEDC1F3006A1F41 /* SocketController.swift */; };
		D0A7C8891E1CD0230046E571 /* Account.swift in Sources */ = {isa = PBXBuildFile; fileRef = D0E523201C4CEEB600B6CF7B /* Account.swift */; };
		D0A7C88A1E1CD03D0046E571 /* ContactRouter.swift in Sources */ = {isa = PBXBuildFile; fileRef = D07402E51C23A4D6002E7581 /* ContactRouter.swift */; };
		D0A7C88B1E1CD03D0046E571 /* GroupMessageRouter.swift in Sources */ = {isa = PBXBuildFile; fileRef = D06DC6331C2407A1009B19D1 /* GroupMessageRouter.swift */; };
		D0A7C88C1E1CD03D0046E571 /* GroupRouter.swift in Sources */ = {isa = PBXBuildFile; fileRef = D0244C5C1C20130800EA87C1 /* GroupRouter.swift */; };
		D0A7C88D1E1CD03D0046E571 /* InvitationRouter.swift in Sources */ = {isa = PBXBuildFile; fileRef = D0244C5A1C20034C00EA87C1 /* InvitationRouter.swift */; };
		D0A7C88E1E1CD03D0046E571 /* MessageRouter.swift in Sources */ = {isa = PBXBuildFile; fileRef = D00A81C21C22D1B20034D8D0 /* MessageRouter.swift */; };
		D0A7C88F1E1CD03D0046E571 /* PostRouter.swift in Sources */ = {isa = PBXBuildFile; fileRef = D0244C581C1FF26D00EA87C1 /* PostRouter.swift */; };
		D0A7C8901E1CD03D0046E571 /* ReportRouter.swift in Sources */ = {isa = PBXBuildFile; fileRef = D07402E31C239DA6002E7581 /* ReportRouter.swift */; };
		D0A7C8911E1CD03D0046E571 /* SettingRouter.swift in Sources */ = {isa = PBXBuildFile; fileRef = D0244C541C1FEBDC00EA87C1 /* SettingRouter.swift */; };
		D0A7C8921E1CD03D0046E571 /* SigninRouter.swift in Sources */ = {isa = PBXBuildFile; fileRef = D0FDC3561C1EA30D0045826B /* SigninRouter.swift */; };
		D0A7C8931E1CD03D0046E571 /* SignupRouter.swift in Sources */ = {isa = PBXBuildFile; fileRef = D0244C521C1FC65100EA87C1 /* SignupRouter.swift */; };
		D0A7C8941E1CD03D0046E571 /* UserRouter.swift in Sources */ = {isa = PBXBuildFile; fileRef = D06DC6311C240691009B19D1 /* UserRouter.swift */; };
		D0A7C8951E1CD03D0046E571 /* APIRoute.swift in Sources */ = {isa = PBXBuildFile; fileRef = D0FDC3511C1EA0670045826B /* APIRoute.swift */; };
		D0A7C8971E1CD0500046E571 /* UserEntity.swift in Sources */ = {isa = PBXBuildFile; fileRef = 1F9ACAFB1B69FA1A00648A82 /* UserEntity.swift */; };
		D0A7C8981E1CD0530046E571 /* Entity.swift in Sources */ = {isa = PBXBuildFile; fileRef = D07E48531B9EB35B00BF04B2 /* Entity.swift */; };
		D0A7C8991E1CD0BA0046E571 /* MessageEntity.swift in Sources */ = {isa = PBXBuildFile; fileRef = 1FCA1E661B722260000F2936 /* MessageEntity.swift */; };
		D0A7C89A1E1CD1AD0046E571 /* NotificationEntity.swift in Sources */ = {isa = PBXBuildFile; fileRef = 1FCA1E641B7221F7000F2936 /* NotificationEntity.swift */; };
		D0A7C89B1E1CD1BC0046E571 /* GroupEntity.swift in Sources */ = {isa = PBXBuildFile; fileRef = 1F9A32361BA6AD8B001C43CE /* GroupEntity.swift */; };
		D0A7C89C1E1CD1C00046E571 /* CommentEntity.swift in Sources */ = {isa = PBXBuildFile; fileRef = 1FCA1E621B71D0C8000F2936 /* CommentEntity.swift */; };
		D0A7C89D1E1CD1CC0046E571 /* PostEntity.swift in Sources */ = {isa = PBXBuildFile; fileRef = 1F9ACAF91B69F99F00648A82 /* PostEntity.swift */; };
		D0A7C8B71E1CD8DA0046E571 /* ListenerEvent.swift in Sources */ = {isa = PBXBuildFile; fileRef = D0DB07E41B9D65BE00C06C4E /* ListenerEvent.swift */; };
		D0A7C8B81E1CD9400046E571 /* URLSchemesController.swift in Sources */ = {isa = PBXBuildFile; fileRef = D0B6364D1B81A9C70012C4E8 /* URLSchemesController.swift */; };
		D0A7C8BD1E1CDFC50046E571 /* LocationController.swift in Sources */ = {isa = PBXBuildFile; fileRef = D099B6171BDA3B63006C9D01 /* LocationController.swift */; };
		D0A7C8DC1E1CE1AE0046E571 /* RemoteNotification.swift in Sources */ = {isa = PBXBuildFile; fileRef = D0DB07DF1B9D3E1400C06C4E /* RemoteNotification.swift */; };
		D0DB07D71B9D1B5200C06C4E /* NotificationView.xib in Resources */ = {isa = PBXBuildFile; fileRef = D0DB07D61B9D1B5200C06C4E /* NotificationView.xib */; };
		D0DB07D91B9D224900C06C4E /* NotificationView.swift in Sources */ = {isa = PBXBuildFile; fileRef = D0DB07D81B9D224900C06C4E /* NotificationView.swift */; };
		D0E9B2801E24D0E200101277 /* PostDetailViewController.swift in Sources */ = {isa = PBXBuildFile; fileRef = 1FA9C5081C5106C9004A683C /* PostDetailViewController.swift */; };
		D0E9B2811E24D11B00101277 /* RecommendStationTableViewCell.swift in Sources */ = {isa = PBXBuildFile; fileRef = 1FEA3CFA1BB391780037F3C5 /* RecommendStationTableViewCell.swift */; };
		D0E9B2821E24D13A00101277 /* TextPostTableViewCell.swift in Sources */ = {isa = PBXBuildFile; fileRef = 1F1EBEB31C4F6C3300B3439F /* TextPostTableViewCell.swift */; };
		D0E9B2831E24D14700101277 /* ImagePostTableViewCell.swift in Sources */ = {isa = PBXBuildFile; fileRef = 1F1EBEB51C4F6C8A00B3439F /* ImagePostTableViewCell.swift */; };
		D0E9B2841E24D3D800101277 /* GroupDetailViewController.swift in Sources */ = {isa = PBXBuildFile; fileRef = 1F26B2991BAA61D10063AC6B /* GroupDetailViewController.swift */; };
		D0E9B2861E24DA0000101277 /* ProfileViewController.swift in Sources */ = {isa = PBXBuildFile; fileRef = D0A0C0311B5F5BF900ABFA5F /* ProfileViewController.swift */; };
		D0E9B2881E24DF1300101277 /* UserPostsViewController.swift in Sources */ = {isa = PBXBuildFile; fileRef = D0A0C0331B5F5D0500ABFA5F /* UserPostsViewController.swift */; };
		D0E9B28A1E24E6C300101277 /* CameraController.swift in Sources */ = {isa = PBXBuildFile; fileRef = D073E6F71B84C1BF00066F42 /* CameraController.swift */; };
		D0E9B28B1E24E6C700101277 /* VoiceController.swift in Sources */ = {isa = PBXBuildFile; fileRef = 29539C761B13175D00545509 /* VoiceController.swift */; };
		D0E9B28C1E24E6CA00101277 /* S3Controller.swift in Sources */ = {isa = PBXBuildFile; fileRef = 29C1DA781AD36659009A02CC /* S3Controller.swift */; };
		D0E9B2B31E24ED2E00101277 /* AmazonS3RequestManager.swift in Sources */ = {isa = PBXBuildFile; fileRef = D0E9B2B01E24ED2E00101277 /* AmazonS3RequestManager.swift */; };
		D0E9B2B41E24ED2E00101277 /* AmazonS3SignatureHelpers.m in Sources */ = {isa = PBXBuildFile; fileRef = D0E9B2B21E24ED2E00101277 /* AmazonS3SignatureHelpers.m */; };
		D0F6E2B71E24A860000B0EC3 /* RecommendViewController.swift in Sources */ = {isa = PBXBuildFile; fileRef = D040E1641BDDC00D00417174 /* RecommendViewController.swift */; };
		D0F6E2B81E24A893000B0EC3 /* GroupAnnotation.swift in Sources */ = {isa = PBXBuildFile; fileRef = 1FC2687F1BBABED8006F1FDA /* GroupAnnotation.swift */; };
		D0F6E2B91E24A89E000B0EC3 /* AggregatableAnnotation.swift in Sources */ = {isa = PBXBuildFile; fileRef = 1FAA70F81BBB8EE600BCE5AF /* AggregatableAnnotation.swift */; };
		D0F6E2BA1E24A8F6000B0EC3 /* StationAnnotationView.swift in Sources */ = {isa = PBXBuildFile; fileRef = 1FAA70FD1BBBF99100BCE5AF /* StationAnnotationView.swift */; };
		D0F6E2BB1E24A909000B0EC3 /* AggregatableAnnotationView.swift in Sources */ = {isa = PBXBuildFile; fileRef = 1FAA70F61BBB8DBE00BCE5AF /* AggregatableAnnotationView.swift */; };
		D0F6E2BD1E24CDC2000B0EC3 /* HomeViewController.swift in Sources */ = {isa = PBXBuildFile; fileRef = 1FEE80E91B4E59CF0061B913 /* HomeViewController.swift */; };
/* End PBXBuildFile section */

/* Begin PBXContainerItemProxy section */
		D000F17F1C2809DF00AD873C /* PBXContainerItemProxy */ = {
			isa = PBXContainerItemProxy;
			containerPortal = 290134CA1AC3991C00BBFE29 /* Project object */;
			proxyType = 1;
			remoteGlobalIDString = 290134D11AC3991C00BBFE29;
			remoteInfo = Tomo;
		};
/* End PBXContainerItemProxy section */

/* Begin PBXFileReference section */
		17B992FF1AF353D000204E97 /* amrFileCodec.h */ = {isa = PBXFileReference; fileEncoding = 4; lastKnownFileType = sourcecode.c.h; name = amrFileCodec.h; path = "opencore-amr/amrFileCodec.h"; sourceTree = "<group>"; };
		17B993001AF353D000204E97 /* amrFileCodec.m */ = {isa = PBXFileReference; fileEncoding = 4; lastKnownFileType = sourcecode.c.objc; name = amrFileCodec.m; path = "opencore-amr/amrFileCodec.m"; sourceTree = "<group>"; };
		17B993041AF353F600204E97 /* interf_dec.h */ = {isa = PBXFileReference; lastKnownFileType = sourcecode.c.h; name = interf_dec.h; path = "opencore-amr/include/opencore-amrnb/interf_dec.h"; sourceTree = "<group>"; };
		17B993051AF353F600204E97 /* interf_enc.h */ = {isa = PBXFileReference; lastKnownFileType = sourcecode.c.h; name = interf_enc.h; path = "opencore-amr/include/opencore-amrnb/interf_enc.h"; sourceTree = "<group>"; };
		17B993071AF3540D00204E97 /* libopencore-amrnb.a */ = {isa = PBXFileReference; lastKnownFileType = archive.ar; name = "libopencore-amrnb.a"; path = "opencore-amr/lib/libopencore-amrnb.a"; sourceTree = "<group>"; };
		1F07C34E1C5F7C8200CD9212 /* LatestMessagesViewController.swift */ = {isa = PBXFileReference; fileEncoding = 4; lastKnownFileType = sourcecode.swift; name = LatestMessagesViewController.swift; path = Classes/LatestMessagesViewController.swift; sourceTree = "<group>"; };
		1F18B8331B844665003BD469 /* CreatePostViewController.swift */ = {isa = PBXFileReference; fileEncoding = 4; lastKnownFileType = sourcecode.swift; name = CreatePostViewController.swift; path = Classes/CreatePostViewController.swift; sourceTree = "<group>"; };
		1F1EBEB31C4F6C3300B3439F /* TextPostTableViewCell.swift */ = {isa = PBXFileReference; fileEncoding = 4; lastKnownFileType = sourcecode.swift; name = TextPostTableViewCell.swift; path = Classes/TextPostTableViewCell.swift; sourceTree = "<group>"; };
		1F1EBEB51C4F6C8A00B3439F /* ImagePostTableViewCell.swift */ = {isa = PBXFileReference; fileEncoding = 4; lastKnownFileType = sourcecode.swift; name = ImagePostTableViewCell.swift; path = Classes/ImagePostTableViewCell.swift; sourceTree = "<group>"; };
		1F26B2991BAA61D10063AC6B /* GroupDetailViewController.swift */ = {isa = PBXFileReference; fileEncoding = 4; lastKnownFileType = sourcecode.swift; name = GroupDetailViewController.swift; path = Classes/GroupDetailViewController.swift; sourceTree = "<group>"; };
		1F350B2A1B68D32800088C1E /* PostAnnotationView.swift */ = {isa = PBXFileReference; fileEncoding = 4; lastKnownFileType = sourcecode.swift; name = PostAnnotationView.swift; path = Classes/PostAnnotationView.swift; sourceTree = "<group>"; };
		1F36D6E51C3E2DD8007769F0 /* UserAnnotation.swift */ = {isa = PBXFileReference; fileEncoding = 4; lastKnownFileType = sourcecode.swift; name = UserAnnotation.swift; path = Classes/UserAnnotation.swift; sourceTree = "<group>"; };
		1F36D6E71C3E2E4C007769F0 /* UserAnnotationView.swift */ = {isa = PBXFileReference; fileEncoding = 4; lastKnownFileType = sourcecode.swift; name = UserAnnotationView.swift; path = Classes/UserAnnotationView.swift; sourceTree = "<group>"; };
		1F6AE7841B6F1A2300D7F488 /* PostAnnotation.swift */ = {isa = PBXFileReference; fileEncoding = 4; lastKnownFileType = sourcecode.swift; name = PostAnnotation.swift; path = Classes/PostAnnotation.swift; sourceTree = "<group>"; };
		1F79C1B71B5E730E008800E1 /* SearchFriendViewController.swift */ = {isa = PBXFileReference; fileEncoding = 4; lastKnownFileType = sourcecode.swift; name = SearchFriendViewController.swift; path = Classes/SearchFriendViewController.swift; sourceTree = "<group>"; };
		1F7AEE491E5EB988009F3806 /* ChatTableViewTextCell.xib */ = {isa = PBXFileReference; fileEncoding = 4; lastKnownFileType = file.xib; path = ChatTableViewTextCell.xib; sourceTree = "<group>"; };
		1F7AEE4B1E5EB99F009F3806 /* ChatTableViewImageCell.xib */ = {isa = PBXFileReference; fileEncoding = 4; lastKnownFileType = file.xib; path = ChatTableViewImageCell.xib; sourceTree = "<group>"; };
		1F7AEE4D1E5EB9C8009F3806 /* ChatTableViewTextCell.swift */ = {isa = PBXFileReference; fileEncoding = 4; lastKnownFileType = sourcecode.swift; name = ChatTableViewTextCell.swift; path = Classes/ChatTableViewTextCell.swift; sourceTree = "<group>"; };
		1F7AEE4F1E5EB9E0009F3806 /* ChatTableViewImageCell.swift */ = {isa = PBXFileReference; fileEncoding = 4; lastKnownFileType = sourcecode.swift; name = ChatTableViewImageCell.swift; path = Classes/ChatTableViewImageCell.swift; sourceTree = "<group>"; };
		1F937FE51B58C2E3009722CE /* MyAccountViewController.swift */ = {isa = PBXFileReference; fileEncoding = 4; lastKnownFileType = sourcecode.swift; name = MyAccountViewController.swift; path = Classes/MyAccountViewController.swift; sourceTree = "<group>"; };
		1F937FE71B58EE8B009722CE /* MyAccountEditViewController.swift */ = {isa = PBXFileReference; fileEncoding = 4; lastKnownFileType = sourcecode.swift; name = MyAccountEditViewController.swift; path = Classes/MyAccountEditViewController.swift; sourceTree = "<group>"; };
		1F9A32361BA6AD8B001C43CE /* GroupEntity.swift */ = {isa = PBXFileReference; fileEncoding = 4; lastKnownFileType = sourcecode.swift; name = GroupEntity.swift; path = Classes/GroupEntity.swift; sourceTree = "<group>"; };
		1F9ACAF91B69F99F00648A82 /* PostEntity.swift */ = {isa = PBXFileReference; fileEncoding = 4; lastKnownFileType = sourcecode.swift; name = PostEntity.swift; path = Classes/PostEntity.swift; sourceTree = "<group>"; };
		1F9ACAFB1B69FA1A00648A82 /* UserEntity.swift */ = {isa = PBXFileReference; fileEncoding = 4; lastKnownFileType = sourcecode.swift; name = UserEntity.swift; path = Classes/UserEntity.swift; sourceTree = "<group>"; };
		1FA76AFD1BA27B1E004776B0 /* Group.storyboard */ = {isa = PBXFileReference; fileEncoding = 4; lastKnownFileType = file.storyboard; name = Group.storyboard; path = Classes/Group.storyboard; sourceTree = "<group>"; };
		1FA9C5081C5106C9004A683C /* PostDetailViewController.swift */ = {isa = PBXFileReference; fileEncoding = 4; lastKnownFileType = sourcecode.swift; name = PostDetailViewController.swift; path = Classes/PostDetailViewController.swift; sourceTree = "<group>"; };
		1FAA70F61BBB8DBE00BCE5AF /* AggregatableAnnotationView.swift */ = {isa = PBXFileReference; fileEncoding = 4; lastKnownFileType = sourcecode.swift; name = AggregatableAnnotationView.swift; path = Classes/AggregatableAnnotationView.swift; sourceTree = "<group>"; };
		1FAA70F81BBB8EE600BCE5AF /* AggregatableAnnotation.swift */ = {isa = PBXFileReference; fileEncoding = 4; lastKnownFileType = sourcecode.swift; name = AggregatableAnnotation.swift; path = Classes/AggregatableAnnotation.swift; sourceTree = "<group>"; };
		1FAA70FB1BBBF97B00BCE5AF /* StationAnnotation.swift */ = {isa = PBXFileReference; fileEncoding = 4; lastKnownFileType = sourcecode.swift; name = StationAnnotation.swift; path = Classes/StationAnnotation.swift; sourceTree = "<group>"; };
		1FAA70FD1BBBF99100BCE5AF /* StationAnnotationView.swift */ = {isa = PBXFileReference; fileEncoding = 4; lastKnownFileType = sourcecode.swift; name = StationAnnotationView.swift; path = Classes/StationAnnotationView.swift; sourceTree = "<group>"; };
		1FAE41831C5EFDF90050CEED /* ContactsNavigationController.swift */ = {isa = PBXFileReference; fileEncoding = 4; lastKnownFileType = sourcecode.swift; name = ContactsNavigationController.swift; path = Classes/ContactsNavigationController.swift; sourceTree = "<group>"; };
		1FC2687F1BBABED8006F1FDA /* GroupAnnotation.swift */ = {isa = PBXFileReference; fileEncoding = 4; lastKnownFileType = sourcecode.swift; name = GroupAnnotation.swift; path = Classes/GroupAnnotation.swift; sourceTree = "<group>"; };
		1FC268811BBABF20006F1FDA /* GroupAnnotationView.swift */ = {isa = PBXFileReference; fileEncoding = 4; lastKnownFileType = sourcecode.swift; name = GroupAnnotationView.swift; path = Classes/GroupAnnotationView.swift; sourceTree = "<group>"; };
		1FCA1E621B71D0C8000F2936 /* CommentEntity.swift */ = {isa = PBXFileReference; fileEncoding = 4; lastKnownFileType = sourcecode.swift; name = CommentEntity.swift; path = Classes/CommentEntity.swift; sourceTree = "<group>"; };
		1FCA1E641B7221F7000F2936 /* NotificationEntity.swift */ = {isa = PBXFileReference; fileEncoding = 4; lastKnownFileType = sourcecode.swift; name = NotificationEntity.swift; path = Classes/NotificationEntity.swift; sourceTree = "<group>"; };
		1FCA1E661B722260000F2936 /* MessageEntity.swift */ = {isa = PBXFileReference; fileEncoding = 4; lastKnownFileType = sourcecode.swift; name = MessageEntity.swift; path = Classes/MessageEntity.swift; sourceTree = "<group>"; };
		1FE7CEF41B8C9561006700FC /* SignUpViewController.swift */ = {isa = PBXFileReference; fileEncoding = 4; lastKnownFileType = sourcecode.swift; name = SignUpViewController.swift; path = Classes/SignUpViewController.swift; sourceTree = "<group>"; };
		1FEA3CFA1BB391780037F3C5 /* RecommendStationTableViewCell.swift */ = {isa = PBXFileReference; fileEncoding = 4; lastKnownFileType = sourcecode.swift; name = RecommendStationTableViewCell.swift; path = Classes/RecommendStationTableViewCell.swift; sourceTree = "<group>"; };
		1FEE80E71B4E552A0061B913 /* Home.storyboard */ = {isa = PBXFileReference; fileEncoding = 4; lastKnownFileType = file.storyboard; name = Home.storyboard; path = Classes/Home.storyboard; sourceTree = "<group>"; };
		1FEE80E91B4E59CF0061B913 /* HomeViewController.swift */ = {isa = PBXFileReference; fileEncoding = 4; lastKnownFileType = sourcecode.swift; name = HomeViewController.swift; path = Classes/HomeViewController.swift; sourceTree = "<group>"; };
		1FF6930C1C1E95FC00777BD5 /* Landing.storyboard */ = {isa = PBXFileReference; fileEncoding = 4; lastKnownFileType = file.storyboard; name = Landing.storyboard; path = Classes/Landing.storyboard; sourceTree = "<group>"; };
		1FF693111C1EB88800777BD5 /* LandingViewController.swift */ = {isa = PBXFileReference; fileEncoding = 4; lastKnownFileType = sourcecode.swift; name = LandingViewController.swift; path = Classes/LandingViewController.swift; sourceTree = "<group>"; };
		1FF9B95E1C59EB5C008BB6ED /* Chat.storyboard */ = {isa = PBXFileReference; fileEncoding = 4; lastKnownFileType = file.storyboard; name = Chat.storyboard; path = Classes/Chat.storyboard; sourceTree = "<group>"; };
		1FF9B9601C59FC29008BB6ED /* ContactsViewController.swift */ = {isa = PBXFileReference; fileEncoding = 4; lastKnownFileType = sourcecode.swift; name = ContactsViewController.swift; path = Classes/ContactsViewController.swift; sourceTree = "<group>"; };
		1FF9B9621C5A3BD0008BB6ED /* GroupViewController.swift */ = {isa = PBXFileReference; fileEncoding = 4; lastKnownFileType = sourcecode.swift; name = GroupViewController.swift; path = Classes/GroupViewController.swift; sourceTree = "<group>"; };
		2869D71B1BB545FB00D1C479 /* StationDiscoverViewController.swift */ = {isa = PBXFileReference; fileEncoding = 4; lastKnownFileType = sourcecode.swift; name = StationDiscoverViewController.swift; path = Classes/StationDiscoverViewController.swift; sourceTree = "<group>"; };
		28CB45E01BB13FB200182924 /* GroupDescriptionViewController.swift */ = {isa = PBXFileReference; fileEncoding = 4; lastKnownFileType = sourcecode.swift; name = GroupDescriptionViewController.swift; path = Classes/GroupDescriptionViewController.swift; sourceTree = "<group>"; };
		290134D21AC3991C00BBFE29 /* tomo.app */ = {isa = PBXFileReference; explicitFileType = wrapper.application; includeInIndex = 0; path = tomo.app; sourceTree = BUILT_PRODUCTS_DIR; };
		290134D61AC3991C00BBFE29 /* Info.plist */ = {isa = PBXFileReference; lastKnownFileType = text.plist.xml; path = Info.plist; sourceTree = "<group>"; };
		290134D71AC3991C00BBFE29 /* AppDelegate.swift */ = {isa = PBXFileReference; lastKnownFileType = sourcecode.swift; path = AppDelegate.swift; sourceTree = "<group>"; };
		290134DE1AC3991C00BBFE29 /* Images.xcassets */ = {isa = PBXFileReference; lastKnownFileType = folder.assetcatalog; path = Images.xcassets; sourceTree = "<group>"; };
		290134FA1AC3A3D200BBFE29 /* Tomo-Bridging-Header.h */ = {isa = PBXFileReference; lastKnownFileType = sourcecode.c.h; path = "Tomo-Bridging-Header.h"; sourceTree = SOURCE_ROOT; };
		2901351C1AC3A90C00BBFE29 /* Constants.swift */ = {isa = PBXFileReference; fileEncoding = 4; lastKnownFileType = sourcecode.swift; name = Constants.swift; path = ../Classes/Constants.swift; sourceTree = "<group>"; };
		290144161ADF6D890048F3D8 /* MapViewController.swift */ = {isa = PBXFileReference; fileEncoding = 4; lastKnownFileType = sourcecode.swift; name = MapViewController.swift; path = Classes/MapViewController.swift; sourceTree = "<group>"; };
		295272CF1AD51B2300FC7833 /* S3.swift */ = {isa = PBXFileReference; fileEncoding = 4; lastKnownFileType = sourcecode.swift; name = S3.swift; path = ../../../S3.swift; sourceTree = "<group>"; };
		29539C761B13175D00545509 /* VoiceController.swift */ = {isa = PBXFileReference; fileEncoding = 4; lastKnownFileType = sourcecode.swift; name = VoiceController.swift; path = Classes/VoiceController.swift; sourceTree = "<group>"; };
		296D8BAA1AFC59F10058D400 /* TabBarController.swift */ = {isa = PBXFileReference; fileEncoding = 4; lastKnownFileType = sourcecode.swift; name = TabBarController.swift; path = Classes/TabBarController.swift; sourceTree = "<group>"; };
		296D8BBC1AFC5A680058D400 /* LaunchScreen.xib */ = {isa = PBXFileReference; fileEncoding = 4; lastKnownFileType = file.xib; name = LaunchScreen.xib; path = ../Classes/LaunchScreen.xib; sourceTree = "<group>"; };
		296D8BBD1AFC5A680058D400 /* Main.storyboard */ = {isa = PBXFileReference; fileEncoding = 4; lastKnownFileType = file.storyboard; name = Main.storyboard; path = Classes/Main.storyboard; sourceTree = "<group>"; };
		29A5D1E01ACCCFB400D95B77 /* Reveal.framework */ = {isa = PBXFileReference; lastKnownFileType = wrapper.framework; path = Reveal.framework; sourceTree = "<group>"; };
		29BE7E111AC54224008110B4 /* Util.swift */ = {isa = PBXFileReference; fileEncoding = 4; lastKnownFileType = sourcecode.swift; name = Util.swift; path = ../Classes/Util.swift; sourceTree = "<group>"; };
		29C1DA781AD36659009A02CC /* S3Controller.swift */ = {isa = PBXFileReference; fileEncoding = 4; lastKnownFileType = sourcecode.swift; name = S3Controller.swift; path = Classes/S3Controller.swift; sourceTree = "<group>"; };
		29CA441D1AD4CAF0009EB177 /* Setting.storyboard */ = {isa = PBXFileReference; fileEncoding = 4; lastKnownFileType = file.storyboard; name = Setting.storyboard; path = Classes/Setting.storyboard; sourceTree = "<group>"; };
		29D398DA1ACB9C9100FB7E40 /* RegViewController.swift */ = {isa = PBXFileReference; fileEncoding = 4; lastKnownFileType = sourcecode.swift; name = RegViewController.swift; path = Classes/RegViewController.swift; sourceTree = "<group>"; };
		29EA55AF1AEDC1F3006A1F41 /* SocketController.swift */ = {isa = PBXFileReference; fileEncoding = 4; lastKnownFileType = sourcecode.swift; name = SocketController.swift; path = Classes/SocketController.swift; sourceTree = "<group>"; };
		559DCAD41C5FB373003FA73C /* Map.storyboard */ = {isa = PBXFileReference; fileEncoding = 4; lastKnownFileType = file.storyboard; name = Map.storyboard; path = Classes/Map.storyboard; sourceTree = "<group>"; };
		55DB7B931C5FCF6100F921F9 /* SettingNavigationController.swift */ = {isa = PBXFileReference; fileEncoding = 4; lastKnownFileType = sourcecode.swift; name = SettingNavigationController.swift; path = Classes/SettingNavigationController.swift; sourceTree = "<group>"; };
		D000F17A1C2809DF00AD873C /* TomoTests.xctest */ = {isa = PBXFileReference; explicitFileType = wrapper.cfbundle; includeInIndex = 0; path = TomoTests.xctest; sourceTree = BUILT_PRODUCTS_DIR; };
		D000F17C1C2809DF00AD873C /* TomoTests.swift */ = {isa = PBXFileReference; lastKnownFileType = sourcecode.swift; path = TomoTests.swift; sourceTree = "<group>"; };
		D000F17E1C2809DF00AD873C /* Info.plist */ = {isa = PBXFileReference; lastKnownFileType = text.plist.xml; path = Info.plist; sourceTree = "<group>"; };
		D000F1921C281D7500AD873C /* TomoTests-Header.h */ = {isa = PBXFileReference; lastKnownFileType = sourcecode.c.h; name = "TomoTests-Header.h"; path = "TomoTests/TomoTests-Header.h"; sourceTree = SOURCE_ROOT; };
		D00A81C21C22D1B20034D8D0 /* MessageRouter.swift */ = {isa = PBXFileReference; fileEncoding = 4; lastKnownFileType = sourcecode.swift; name = MessageRouter.swift; path = Classes/MessageRouter.swift; sourceTree = "<group>"; };
		D0244C521C1FC65100EA87C1 /* SignupRouter.swift */ = {isa = PBXFileReference; fileEncoding = 4; lastKnownFileType = sourcecode.swift; name = SignupRouter.swift; path = Classes/SignupRouter.swift; sourceTree = "<group>"; };
		D0244C541C1FEBDC00EA87C1 /* SettingRouter.swift */ = {isa = PBXFileReference; fileEncoding = 4; lastKnownFileType = sourcecode.swift; name = SettingRouter.swift; path = Classes/SettingRouter.swift; sourceTree = "<group>"; };
		D0244C581C1FF26D00EA87C1 /* PostRouter.swift */ = {isa = PBXFileReference; fileEncoding = 4; lastKnownFileType = sourcecode.swift; name = PostRouter.swift; path = Classes/PostRouter.swift; sourceTree = "<group>"; };
		D0244C5A1C20034C00EA87C1 /* InvitationRouter.swift */ = {isa = PBXFileReference; fileEncoding = 4; lastKnownFileType = sourcecode.swift; name = InvitationRouter.swift; path = Classes/InvitationRouter.swift; sourceTree = "<group>"; };
		D0244C5C1C20130800EA87C1 /* GroupRouter.swift */ = {isa = PBXFileReference; fileEncoding = 4; lastKnownFileType = sourcecode.swift; name = GroupRouter.swift; path = Classes/GroupRouter.swift; sourceTree = "<group>"; };
		D029F7311BCCB39E00CDE18B /* PushSettingViewController.swift */ = {isa = PBXFileReference; fileEncoding = 4; lastKnownFileType = sourcecode.swift; name = PushSettingViewController.swift; path = Classes/PushSettingViewController.swift; sourceTree = "<group>"; };
		D0349BB71E81021200D6877F /* IBInspectable.swift */ = {isa = PBXFileReference; fileEncoding = 4; lastKnownFileType = sourcecode.swift; path = IBInspectable.swift; sourceTree = "<group>"; };
		D040E1641BDDC00D00417174 /* RecommendViewController.swift */ = {isa = PBXFileReference; fileEncoding = 4; lastKnownFileType = sourcecode.swift; name = RecommendViewController.swift; path = Classes/RecommendViewController.swift; sourceTree = "<group>"; };
		D04C7AEC1E83CF0A00BD2959 /* DispatchQueue.swift */ = {isa = PBXFileReference; fileEncoding = 4; lastKnownFileType = sourcecode.swift; path = DispatchQueue.swift; sourceTree = "<group>"; };
		D05FFF2E1E514A8D00B60F15 /* ChatViewController.swift */ = {isa = PBXFileReference; fileEncoding = 4; lastKnownFileType = sourcecode.swift; name = ChatViewController.swift; path = Classes/ChatViewController.swift; sourceTree = "<group>"; };
		D05FFF4F1E5185EF00B60F15 /* ChatTableViewCell.xib */ = {isa = PBXFileReference; fileEncoding = 4; lastKnownFileType = file.xib; name = ChatTableViewCell.xib; path = Classes/ChatTableViewCell.xib; sourceTree = "<group>"; };
		D05FFF511E5186F200B60F15 /* ChatTableViewCell.swift */ = {isa = PBXFileReference; fileEncoding = 4; lastKnownFileType = sourcecode.swift; name = ChatTableViewCell.swift; path = Classes/ChatTableViewCell.swift; sourceTree = "<group>"; };
		D06DC6311C240691009B19D1 /* UserRouter.swift */ = {isa = PBXFileReference; fileEncoding = 4; lastKnownFileType = sourcecode.swift; name = UserRouter.swift; path = Classes/UserRouter.swift; sourceTree = "<group>"; };
		D06DC6331C2407A1009B19D1 /* GroupMessageRouter.swift */ = {isa = PBXFileReference; fileEncoding = 4; lastKnownFileType = sourcecode.swift; name = GroupMessageRouter.swift; path = Classes/GroupMessageRouter.swift; sourceTree = "<group>"; };
		D073E6F71B84C1BF00066F42 /* CameraController.swift */ = {isa = PBXFileReference; fileEncoding = 4; lastKnownFileType = sourcecode.swift; name = CameraController.swift; path = Classes/CameraController.swift; sourceTree = "<group>"; };
		D07402E31C239DA6002E7581 /* ReportRouter.swift */ = {isa = PBXFileReference; fileEncoding = 4; lastKnownFileType = sourcecode.swift; name = ReportRouter.swift; path = Classes/ReportRouter.swift; sourceTree = "<group>"; };
		D07402E51C23A4D6002E7581 /* ContactRouter.swift */ = {isa = PBXFileReference; fileEncoding = 4; lastKnownFileType = sourcecode.swift; name = ContactRouter.swift; path = Classes/ContactRouter.swift; sourceTree = "<group>"; };
		D07793841B704F290056B7CB /* PickerTableViewController.swift */ = {isa = PBXFileReference; fileEncoding = 4; lastKnownFileType = sourcecode.swift; name = PickerTableViewController.swift; path = Classes/PickerTableViewController.swift; sourceTree = "<group>"; };
		D07793861B704F410056B7CB /* DatePickerViewController.swift */ = {isa = PBXFileReference; fileEncoding = 4; lastKnownFileType = sourcecode.swift; name = DatePickerViewController.swift; path = Classes/DatePickerViewController.swift; sourceTree = "<group>"; };
		D07D8A191B99A3DF00D13096 /* NotificationListViewController.swift */ = {isa = PBXFileReference; fileEncoding = 4; lastKnownFileType = sourcecode.swift; name = NotificationListViewController.swift; path = Classes/NotificationListViewController.swift; sourceTree = "<group>"; };
		D07E48531B9EB35B00BF04B2 /* Entity.swift */ = {isa = PBXFileReference; fileEncoding = 4; lastKnownFileType = sourcecode.swift; name = Entity.swift; path = Classes/Entity.swift; sourceTree = "<group>"; };
		D0960AAB1BC376FB00A63733 /* UltravisualLayout.swift */ = {isa = PBXFileReference; fileEncoding = 4; lastKnownFileType = sourcecode.swift; path = UltravisualLayout.swift; sourceTree = "<group>"; };
		D097AE951E553D1300615728 /* Alamofire-SwiftyJSON.swift */ = {isa = PBXFileReference; fileEncoding = 4; lastKnownFileType = sourcecode.swift; path = "Alamofire-SwiftyJSON.swift"; sourceTree = "<group>"; };
		D097AE961E553D1300615728 /* Array.swift */ = {isa = PBXFileReference; fileEncoding = 4; lastKnownFileType = sourcecode.swift; path = Array.swift; sourceTree = "<group>"; };
		D097AE971E553D1300615728 /* RxSwift.swift */ = {isa = PBXFileReference; fileEncoding = 4; lastKnownFileType = sourcecode.swift; path = RxSwift.swift; sourceTree = "<group>"; };
		D097AE981E553D1300615728 /* String.swift */ = {isa = PBXFileReference; fileEncoding = 4; lastKnownFileType = sourcecode.swift; path = String.swift; sourceTree = "<group>"; };
		D097AE991E553D1300615728 /* UIImage.swift */ = {isa = PBXFileReference; fileEncoding = 4; lastKnownFileType = sourcecode.swift; path = UIImage.swift; sourceTree = "<group>"; };
		D097AE9A1E553D1300615728 /* UIViewController.swift */ = {isa = PBXFileReference; fileEncoding = 4; lastKnownFileType = sourcecode.swift; path = UIViewController.swift; sourceTree = "<group>"; };
		D097AE9B1E553D1300615728 /* WechatKit+RxSwift.swift */ = {isa = PBXFileReference; fileEncoding = 4; lastKnownFileType = sourcecode.swift; path = "WechatKit+RxSwift.swift"; sourceTree = "<group>"; };
		D097AEA31E55421400615728 /* Date.swift */ = {isa = PBXFileReference; fileEncoding = 4; lastKnownFileType = sourcecode.swift; path = Date.swift; sourceTree = "<group>"; };
		D099B6171BDA3B63006C9D01 /* LocationController.swift */ = {isa = PBXFileReference; fileEncoding = 4; lastKnownFileType = sourcecode.swift; name = LocationController.swift; path = Classes/LocationController.swift; sourceTree = "<group>"; };
		D0A0C02A1B5F585B00ABFA5F /* Profile.storyboard */ = {isa = PBXFileReference; fileEncoding = 4; lastKnownFileType = file.storyboard; name = Profile.storyboard; path = Classes/Profile.storyboard; sourceTree = "<group>"; };
		D0A0C0311B5F5BF900ABFA5F /* ProfileViewController.swift */ = {isa = PBXFileReference; fileEncoding = 4; lastKnownFileType = sourcecode.swift; name = ProfileViewController.swift; path = Classes/ProfileViewController.swift; sourceTree = "<group>"; };
		D0A0C0331B5F5D0500ABFA5F /* UserPostsViewController.swift */ = {isa = PBXFileReference; fileEncoding = 4; lastKnownFileType = sourcecode.swift; name = UserPostsViewController.swift; path = Classes/UserPostsViewController.swift; sourceTree = "<group>"; };
		D0A104901BEAF1C700AEE356 /* AgreementViewController.swift */ = {isa = PBXFileReference; fileEncoding = 4; lastKnownFileType = sourcecode.swift; name = AgreementViewController.swift; path = Classes/AgreementViewController.swift; sourceTree = "<group>"; };
		D0A104941BEB055100AEE356 /* statements.html */ = {isa = PBXFileReference; fileEncoding = 4; lastKnownFileType = text.html; name = statements.html; path = Resources/statements.html; sourceTree = SOURCE_ROOT; };
		D0B6364D1B81A9C70012C4E8 /* URLSchemesController.swift */ = {isa = PBXFileReference; fileEncoding = 4; lastKnownFileType = sourcecode.swift; name = URLSchemesController.swift; path = Classes/URLSchemesController.swift; sourceTree = "<group>"; };
		D0D5A4461E261A4F00757F4E /* Cartfile */ = {isa = PBXFileReference; fileEncoding = 4; lastKnownFileType = text; path = Cartfile; sourceTree = SOURCE_ROOT; };
		D0DB07D61B9D1B5200C06C4E /* NotificationView.xib */ = {isa = PBXFileReference; fileEncoding = 4; lastKnownFileType = file.xib; name = NotificationView.xib; path = Classes/NotificationView.xib; sourceTree = "<group>"; };
		D0DB07D81B9D224900C06C4E /* NotificationView.swift */ = {isa = PBXFileReference; fileEncoding = 4; lastKnownFileType = sourcecode.swift; name = NotificationView.swift; path = Classes/NotificationView.swift; sourceTree = "<group>"; };
		D0DB07DF1B9D3E1400C06C4E /* RemoteNotification.swift */ = {isa = PBXFileReference; fileEncoding = 4; lastKnownFileType = sourcecode.swift; name = RemoteNotification.swift; path = Classes/RemoteNotification.swift; sourceTree = "<group>"; };
		D0DB07E41B9D65BE00C06C4E /* ListenerEvent.swift */ = {isa = PBXFileReference; fileEncoding = 4; lastKnownFileType = sourcecode.swift; name = ListenerEvent.swift; path = Classes/ListenerEvent.swift; sourceTree = "<group>"; };
		D0E523201C4CEEB600B6CF7B /* Account.swift */ = {isa = PBXFileReference; fileEncoding = 4; lastKnownFileType = sourcecode.swift; name = Account.swift; path = Classes/Account.swift; sourceTree = "<group>"; };
		D0E9B2B01E24ED2E00101277 /* AmazonS3RequestManager.swift */ = {isa = PBXFileReference; fileEncoding = 4; lastKnownFileType = sourcecode.swift; path = AmazonS3RequestManager.swift; sourceTree = "<group>"; };
		D0E9B2B11E24ED2E00101277 /* AmazonS3SignatureHelpers.h */ = {isa = PBXFileReference; fileEncoding = 4; lastKnownFileType = sourcecode.c.h; path = AmazonS3SignatureHelpers.h; sourceTree = "<group>"; };
		D0E9B2B21E24ED2E00101277 /* AmazonS3SignatureHelpers.m */ = {isa = PBXFileReference; fileEncoding = 4; lastKnownFileType = sourcecode.c.objc; path = AmazonS3SignatureHelpers.m; sourceTree = "<group>"; };
		D0F44FAA1B5E4790009E12AA /* BookmarkedPostsViewController.swift */ = {isa = PBXFileReference; fileEncoding = 4; lastKnownFileType = sourcecode.swift; name = BookmarkedPostsViewController.swift; path = Classes/BookmarkedPostsViewController.swift; sourceTree = "<group>"; };
		D0F44FAC1B5E534B009E12AA /* MyPostsViewController.swift */ = {isa = PBXFileReference; fileEncoding = 4; lastKnownFileType = sourcecode.swift; name = MyPostsViewController.swift; path = Classes/MyPostsViewController.swift; sourceTree = "<group>"; };
		D0F44FAE1B5E540F009E12AA /* FriendListSendRequestController.swift */ = {isa = PBXFileReference; fileEncoding = 4; lastKnownFileType = sourcecode.swift; name = FriendListSendRequestController.swift; path = Classes/FriendListSendRequestController.swift; sourceTree = "<group>"; };
		D0F6E2BC1E24C469000B0EC3 /* tomo.entitlements */ = {isa = PBXFileReference; lastKnownFileType = text.plist.entitlements; path = tomo.entitlements; sourceTree = "<group>"; };
		D0FDC3511C1EA0670045826B /* APIRoute.swift */ = {isa = PBXFileReference; fileEncoding = 4; lastKnownFileType = sourcecode.swift; name = APIRoute.swift; path = Classes/APIRoute.swift; sourceTree = "<group>"; };
		D0FDC3561C1EA30D0045826B /* SigninRouter.swift */ = {isa = PBXFileReference; fileEncoding = 4; lastKnownFileType = sourcecode.swift; name = SigninRouter.swift; path = Classes/SigninRouter.swift; sourceTree = "<group>"; };
/* End PBXFileReference section */

/* Begin PBXFrameworksBuildPhase section */
		290134CF1AC3991C00BBFE29 /* Frameworks */ = {
			isa = PBXFrameworksBuildPhase;
			buildActionMask = 2147483647;
			files = (
				17B993081AF3540D00204E97 /* libopencore-amrnb.a in Frameworks */,
			);
			runOnlyForDeploymentPostprocessing = 0;
		};
		D000F1771C2809DF00AD873C /* Frameworks */ = {
			isa = PBXFrameworksBuildPhase;
			buildActionMask = 2147483647;
			files = (
			);
			runOnlyForDeploymentPostprocessing = 0;
		};
/* End PBXFrameworksBuildPhase section */

/* Begin PBXGroup section */
		17B992FE1AF353C200204E97 /* opencore-amr */ = {
			isa = PBXGroup;
			children = (
				17B993061AF353FF00204E97 /* lib */,
				17B993021AF353D500204E97 /* include */,
				17B992FF1AF353D000204E97 /* amrFileCodec.h */,
				17B993001AF353D000204E97 /* amrFileCodec.m */,
			);
			name = "opencore-amr";
			sourceTree = "<group>";
		};
		17B993021AF353D500204E97 /* include */ = {
			isa = PBXGroup;
			children = (
				17B993031AF353EE00204E97 /* opencore-amrnb */,
			);
			name = include;
			sourceTree = "<group>";
		};
		17B993031AF353EE00204E97 /* opencore-amrnb */ = {
			isa = PBXGroup;
			children = (
				17B993041AF353F600204E97 /* interf_dec.h */,
				17B993051AF353F600204E97 /* interf_enc.h */,
			);
			name = "opencore-amrnb";
			sourceTree = "<group>";
		};
		17B993061AF353FF00204E97 /* lib */ = {
			isa = PBXGroup;
			children = (
				17B993071AF3540D00204E97 /* libopencore-amrnb.a */,
			);
			name = lib;
			sourceTree = "<group>";
		};
		1F1EBEB21C4F6BAD00B3439F /* Components */ = {
			isa = PBXGroup;
			children = (
				1F1EBEB31C4F6C3300B3439F /* TextPostTableViewCell.swift */,
				1F1EBEB51C4F6C8A00B3439F /* ImagePostTableViewCell.swift */,
				1FEA3CFA1BB391780037F3C5 /* RecommendStationTableViewCell.swift */,
			);
			name = Components;
			sourceTree = "<group>";
		};
		1F985DF41B60B748008D5369 /* User */ = {
			isa = PBXGroup;
			children = (
				D0A0C0331B5F5D0500ABFA5F /* UserPostsViewController.swift */,
				D0A0C0311B5F5BF900ABFA5F /* ProfileViewController.swift */,
			);
			name = User;
			sourceTree = "<group>";
		};
		1F9ACAF61B69F96100648A82 /* Entity */ = {
			isa = PBXGroup;
			children = (
				1FCA1E621B71D0C8000F2936 /* CommentEntity.swift */,
				D07E48531B9EB35B00BF04B2 /* Entity.swift */,
				1F9A32361BA6AD8B001C43CE /* GroupEntity.swift */,
				1FCA1E661B722260000F2936 /* MessageEntity.swift */,
				1FCA1E641B7221F7000F2936 /* NotificationEntity.swift */,
				1F9ACAF91B69F99F00648A82 /* PostEntity.swift */,
				1F9ACAFB1B69FA1A00648A82 /* UserEntity.swift */,
				D0E523201C4CEEB600B6CF7B /* Account.swift */,
			);
			name = Entity;
			sourceTree = "<group>";
		};
		1FA76AFF1BA29D43004776B0 /* Group */ = {
			isa = PBXGroup;
			children = (
				28CB45E01BB13FB200182924 /* GroupDescriptionViewController.swift */,
				1F26B2991BAA61D10063AC6B /* GroupDetailViewController.swift */,
				1FF9B9621C5A3BD0008BB6ED /* GroupViewController.swift */,
			);
			name = Group;
			sourceTree = "<group>";
		};
		1FAA70FA1BBB904300BCE5AF /* Components */ = {
			isa = PBXGroup;
			children = (
				1FC2687F1BBABED8006F1FDA /* GroupAnnotation.swift */,
				1FC268811BBABF20006F1FDA /* GroupAnnotationView.swift */,
				1F6AE7841B6F1A2300D7F488 /* PostAnnotation.swift */,
				1F350B2A1B68D32800088C1E /* PostAnnotationView.swift */,
				1FAA70FB1BBBF97B00BCE5AF /* StationAnnotation.swift */,
				1FAA70FD1BBBF99100BCE5AF /* StationAnnotationView.swift */,
				1F36D6E51C3E2DD8007769F0 /* UserAnnotation.swift */,
				1F36D6E71C3E2E4C007769F0 /* UserAnnotationView.swift */,
			);
			name = Components;
			sourceTree = "<group>";
		};
		1FB61D881BB0FEF000E6A05C /* Chat */ = {
			isa = PBXGroup;
			children = (
				D05FFF4E1E5185BB00B60F15 /* Components */,
				1F07C34E1C5F7C8200CD9212 /* LatestMessagesViewController.swift */,
				1FF9B9601C59FC29008BB6ED /* ContactsViewController.swift */,
				1F79C1B71B5E730E008800E1 /* SearchFriendViewController.swift */,
				1FAE41831C5EFDF90050CEED /* ContactsNavigationController.swift */,
				D05FFF2E1E514A8D00B60F15 /* ChatViewController.swift */,
			);
			name = Chat;
			sourceTree = "<group>";
		};
		290134C91AC3991C00BBFE29 = {
			isa = PBXGroup;
			children = (
				1F9ACAF61B69F96100648A82 /* Entity */,
				D0FDC3501C1EA04C0045826B /* Router */,
				299389531AD3C71500043D91 /* storyboard */,
				299389561AD3C7CA00043D91 /* ViewController */,
				299389521AD3C6FB00043D91 /* Controller */,
				290134D51AC3991C00BBFE29 /* Supporting Files */,
				D097AE941E553D1300615728 /* Extensions */,
				296040441ACE669900D2A338 /* Vendors */,
				D000F17B1C2809DF00AD873C /* TomoTests */,
				290134D31AC3991C00BBFE29 /* Products */,
				D4F3CDABDCA581BFF7D35DBA /* Frameworks */,
			);
			sourceTree = "<group>";
		};
		290134D31AC3991C00BBFE29 /* Products */ = {
			isa = PBXGroup;
			children = (
				290134D21AC3991C00BBFE29 /* tomo.app */,
				D000F17A1C2809DF00AD873C /* TomoTests.xctest */,
			);
			name = Products;
			sourceTree = "<group>";
		};
		290134D51AC3991C00BBFE29 /* Supporting Files */ = {
			isa = PBXGroup;
			children = (
				D0D5A4461E261A4F00757F4E /* Cartfile */,
				D0F6E2BC1E24C469000B0EC3 /* tomo.entitlements */,
				D0A104941BEB055100AEE356 /* statements.html */,
				296D8BBC1AFC5A680058D400 /* LaunchScreen.xib */,
				290134FA1AC3A3D200BBFE29 /* Tomo-Bridging-Header.h */,
				290134D61AC3991C00BBFE29 /* Info.plist */,
				290134D71AC3991C00BBFE29 /* AppDelegate.swift */,
				2901351C1AC3A90C00BBFE29 /* Constants.swift */,
				295272CF1AD51B2300FC7833 /* S3.swift */,
				29BE7E111AC54224008110B4 /* Util.swift */,
				290134DE1AC3991C00BBFE29 /* Images.xcassets */,
			);
			name = "Supporting Files";
			path = Tomo;
			sourceTree = "<group>";
		};
		290144181ADF92470048F3D8 /* Map */ = {
			isa = PBXGroup;
			children = (
				1FAA70FA1BBB904300BCE5AF /* Components */,
				1FAA70F81BBB8EE600BCE5AF /* AggregatableAnnotation.swift */,
				1FAA70F61BBB8DBE00BCE5AF /* AggregatableAnnotationView.swift */,
				290144161ADF6D890048F3D8 /* MapViewController.swift */,
			);
			name = Map;
			sourceTree = "<group>";
		};
		296040441ACE669900D2A338 /* Vendors */ = {
			isa = PBXGroup;
			children = (
				D0960AAB1BC376FB00A63733 /* UltravisualLayout.swift */,
				299389421AD3B33800043D91 /* AmazonS3RequestManager */,
				17B992FE1AF353C200204E97 /* opencore-amr */,
			);
			path = Vendors;
			sourceTree = "<group>";
		};
		299389421AD3B33800043D91 /* AmazonS3RequestManager */ = {
			isa = PBXGroup;
			children = (
				D0E9B2B01E24ED2E00101277 /* AmazonS3RequestManager.swift */,
				D0E9B2B11E24ED2E00101277 /* AmazonS3SignatureHelpers.h */,
				D0E9B2B21E24ED2E00101277 /* AmazonS3SignatureHelpers.m */,
			);
			path = AmazonS3RequestManager;
			sourceTree = "<group>";
		};
		299389521AD3C6FB00043D91 /* Controller */ = {
			isa = PBXGroup;
			children = (
				D0DB07E31B9D655600C06C4E /* Listener */,
				29539C761B13175D00545509 /* VoiceController.swift */,
				29C1DA781AD36659009A02CC /* S3Controller.swift */,
				D073E6F71B84C1BF00066F42 /* CameraController.swift */,
				D099B6171BDA3B63006C9D01 /* LocationController.swift */,
			);
			name = Controller;
			sourceTree = "<group>";
		};
		299389531AD3C71500043D91 /* storyboard */ = {
			isa = PBXGroup;
			children = (
				1FF9B95E1C59EB5C008BB6ED /* Chat.storyboard */,
				1FA76AFD1BA27B1E004776B0 /* Group.storyboard */,
				1FEE80E71B4E552A0061B913 /* Home.storyboard */,
				1FF6930C1C1E95FC00777BD5 /* Landing.storyboard */,
				296D8BBD1AFC5A680058D400 /* Main.storyboard */,
				D0A0C02A1B5F585B00ABFA5F /* Profile.storyboard */,
				29CA441D1AD4CAF0009EB177 /* Setting.storyboard */,
				559DCAD41C5FB373003FA73C /* Map.storyboard */,
			);
			name = storyboard;
			sourceTree = "<group>";
		};
		299389541AD3C77300043D91 /* Login */ = {
			isa = PBXGroup;
			children = (
				29D398DA1ACB9C9100FB7E40 /* RegViewController.swift */,
				1FE7CEF41B8C9561006700FC /* SignUpViewController.swift */,
				D040E1641BDDC00D00417174 /* RecommendViewController.swift */,
				1FF693111C1EB88800777BD5 /* LandingViewController.swift */,
			);
			name = Login;
			sourceTree = "<group>";
		};
		299389561AD3C7CA00043D91 /* ViewController */ = {
			isa = PBXGroup;
			children = (
				29EA55B31AEDD27D006A1F41 /* Base */,
				1FB61D881BB0FEF000E6A05C /* Chat */,
				1FA76AFF1BA29D43004776B0 /* Group */,
				299389571AD3D13700043D91 /* Home */,
				299389541AD3C77300043D91 /* Login */,
				290144181ADF92470048F3D8 /* Map */,
				1F985DF41B60B748008D5369 /* User */,
				29CA44911AD4DEEA009EB177 /* Setting */,
			);
			name = ViewController;
			sourceTree = "<group>";
		};
		299389571AD3D13700043D91 /* Home */ = {
			isa = PBXGroup;
			children = (
				1F1EBEB21C4F6BAD00B3439F /* Components */,
				1F18B8331B844665003BD469 /* CreatePostViewController.swift */,
				1FEE80E91B4E59CF0061B913 /* HomeViewController.swift */,
				2869D71B1BB545FB00D1C479 /* StationDiscoverViewController.swift */,
				1FA9C5081C5106C9004A683C /* PostDetailViewController.swift */,
			);
			name = Home;
			sourceTree = "<group>";
		};
		29CA44911AD4DEEA009EB177 /* Setting */ = {
			isa = PBXGroup;
			children = (
				D07793831B704EA00056B7CB /* Components */,
				1F937FE71B58EE8B009722CE /* MyAccountEditViewController.swift */,
				1F937FE51B58C2E3009722CE /* MyAccountViewController.swift */,
				D0F44FAA1B5E4790009E12AA /* BookmarkedPostsViewController.swift */,
				D0F44FAE1B5E540F009E12AA /* FriendListSendRequestController.swift */,
				D07D8A191B99A3DF00D13096 /* NotificationListViewController.swift */,
				D0F44FAC1B5E534B009E12AA /* MyPostsViewController.swift */,
				D029F7311BCCB39E00CDE18B /* PushSettingViewController.swift */,
				D0A104901BEAF1C700AEE356 /* AgreementViewController.swift */,
				55DB7B931C5FCF6100F921F9 /* SettingNavigationController.swift */,
			);
			name = Setting;
			sourceTree = "<group>";
		};
		29EA55B31AEDD27D006A1F41 /* Base */ = {
			isa = PBXGroup;
			children = (
				D012F5921BBBC40A00D5293D /* Components */,
				296D8BAA1AFC59F10058D400 /* TabBarController.swift */,
			);
			name = Base;
			sourceTree = "<group>";
		};
		D000F17B1C2809DF00AD873C /* TomoTests */ = {
			isa = PBXGroup;
			children = (
				D000F17C1C2809DF00AD873C /* TomoTests.swift */,
				D000F17E1C2809DF00AD873C /* Info.plist */,
				D000F1921C281D7500AD873C /* TomoTests-Header.h */,
			);
			path = TomoTests;
			sourceTree = "<group>";
		};
		D012F5921BBBC40A00D5293D /* Components */ = {
			isa = PBXGroup;
			children = (
				D0DB07D61B9D1B5200C06C4E /* NotificationView.xib */,
				D0DB07D81B9D224900C06C4E /* NotificationView.swift */,
			);
			name = Components;
			sourceTree = "<group>";
		};
		D05FFF4E1E5185BB00B60F15 /* Components */ = {
			isa = PBXGroup;
			children = (
				D05FFF4F1E5185EF00B60F15 /* ChatTableViewCell.xib */,
				D05FFF511E5186F200B60F15 /* ChatTableViewCell.swift */,
				1F7AEE4D1E5EB9C8009F3806 /* ChatTableViewTextCell.swift */,
				1F7AEE4F1E5EB9E0009F3806 /* ChatTableViewImageCell.swift */,
				1F7AEE491E5EB988009F3806 /* ChatTableViewTextCell.xib */,
				1F7AEE4B1E5EB99F009F3806 /* ChatTableViewImageCell.xib */,
			);
			name = Components;
			sourceTree = "<group>";
		};
		D07793831B704EA00056B7CB /* Components */ = {
			isa = PBXGroup;
			children = (
				D07793841B704F290056B7CB /* PickerTableViewController.swift */,
				D07793861B704F410056B7CB /* DatePickerViewController.swift */,
			);
			name = Components;
			sourceTree = "<group>";
		};
		D097AE941E553D1300615728 /* Extensions */ = {
			isa = PBXGroup;
			children = (
				D097AE951E553D1300615728 /* Alamofire-SwiftyJSON.swift */,
				D097AE961E553D1300615728 /* Array.swift */,
				D097AEA31E55421400615728 /* Date.swift */,
				D097AE971E553D1300615728 /* RxSwift.swift */,
				D097AE981E553D1300615728 /* String.swift */,
				D097AE991E553D1300615728 /* UIImage.swift */,
				D097AE9A1E553D1300615728 /* UIViewController.swift */,
				D097AE9B1E553D1300615728 /* WechatKit+RxSwift.swift */,
				D0349BB71E81021200D6877F /* IBInspectable.swift */,
				D04C7AEC1E83CF0A00BD2959 /* DispatchQueue.swift */,
			);
			path = Extensions;
			sourceTree = "<group>";
		};
		D0DB07E31B9D655600C06C4E /* Listener */ = {
			isa = PBXGroup;
			children = (
				29EA55AF1AEDC1F3006A1F41 /* SocketController.swift */,
				D0B6364D1B81A9C70012C4E8 /* URLSchemesController.swift */,
				D0DB07DF1B9D3E1400C06C4E /* RemoteNotification.swift */,
				D0DB07E41B9D65BE00C06C4E /* ListenerEvent.swift */,
			);
			name = Listener;
			sourceTree = "<group>";
		};
		D0FDC3501C1EA04C0045826B /* Router */ = {
			isa = PBXGroup;
			children = (
				D0FDC3551C1EA2F10045826B /* API */,
				D0FDC3511C1EA0670045826B /* APIRoute.swift */,
			);
			name = Router;
			sourceTree = "<group>";
		};
		D0FDC3551C1EA2F10045826B /* API */ = {
			isa = PBXGroup;
			children = (
				D07402E51C23A4D6002E7581 /* ContactRouter.swift */,
				D06DC6331C2407A1009B19D1 /* GroupMessageRouter.swift */,
				D0244C5C1C20130800EA87C1 /* GroupRouter.swift */,
				D0244C5A1C20034C00EA87C1 /* InvitationRouter.swift */,
				D00A81C21C22D1B20034D8D0 /* MessageRouter.swift */,
				D0244C581C1FF26D00EA87C1 /* PostRouter.swift */,
				D07402E31C239DA6002E7581 /* ReportRouter.swift */,
				D0244C541C1FEBDC00EA87C1 /* SettingRouter.swift */,
				D0FDC3561C1EA30D0045826B /* SigninRouter.swift */,
				D0244C521C1FC65100EA87C1 /* SignupRouter.swift */,
				D06DC6311C240691009B19D1 /* UserRouter.swift */,
			);
			name = API;
			sourceTree = "<group>";
		};
		D4F3CDABDCA581BFF7D35DBA /* Frameworks */ = {
			isa = PBXGroup;
			children = (
				29A5D1E01ACCCFB400D95B77 /* Reveal.framework */,
			);
			name = Frameworks;
			sourceTree = "<group>";
		};
/* End PBXGroup section */

/* Begin PBXNativeTarget section */
		290134D11AC3991C00BBFE29 /* Tomo */ = {
			isa = PBXNativeTarget;
			buildConfigurationList = 290134F11AC3991D00BBFE29 /* Build configuration list for PBXNativeTarget "Tomo" */;
			buildPhases = (
				290134CE1AC3991C00BBFE29 /* Sources */,
				290134CF1AC3991C00BBFE29 /* Frameworks */,
				290134D01AC3991C00BBFE29 /* Resources */,
				1F1ECE0A1C1176FC00A3CADA /* ShellScript */,
			);
			buildRules = (
			);
			dependencies = (
			);
			name = Tomo;
			productName = Tomo;
			productReference = 290134D21AC3991C00BBFE29 /* tomo.app */;
			productType = "com.apple.product-type.application";
		};
		D000F1791C2809DF00AD873C /* TomoTests */ = {
			isa = PBXNativeTarget;
			buildConfigurationList = D000F1811C2809DF00AD873C /* Build configuration list for PBXNativeTarget "TomoTests" */;
			buildPhases = (
				D000F1761C2809DF00AD873C /* Sources */,
				D000F1771C2809DF00AD873C /* Frameworks */,
				D000F1781C2809DF00AD873C /* Resources */,
			);
			buildRules = (
			);
			dependencies = (
				D000F1801C2809DF00AD873C /* PBXTargetDependency */,
			);
			name = TomoTests;
			productName = TomoTests;
			productReference = D000F17A1C2809DF00AD873C /* TomoTests.xctest */;
			productType = "com.apple.product-type.bundle.unit-test";
		};
/* End PBXNativeTarget section */

/* Begin PBXProject section */
		290134CA1AC3991C00BBFE29 /* Project object */ = {
			isa = PBXProject;
			attributes = {
				LastSwiftMigration = 0710;
				LastSwiftUpdateCheck = 0720;
				LastUpgradeCheck = 0820;
				ORGANIZATIONNAME = "&#24373;&#24535;&#33775;";
				TargetAttributes = {
					290134D11AC3991C00BBFE29 = {
						CreatedOnToolsVersion = 6.2;
						DevelopmentTeam = 6P96PVYDRL;
						LastSwiftMigration = 0800;
						ProvisioningStyle = Automatic;
						SystemCapabilities = {
							com.apple.BackgroundModes = {
								enabled = 1;
							};
							com.apple.Push = {
								enabled = 1;
							};
						};
					};
					D000F1791C2809DF00AD873C = {
						CreatedOnToolsVersion = 7.2;
						LastSwiftMigration = 0800;
						TestTargetID = 290134D11AC3991C00BBFE29;
					};
				};
			};
			buildConfigurationList = 290134CD1AC3991C00BBFE29 /* Build configuration list for PBXProject "Tomo" */;
			compatibilityVersion = "Xcode 3.2";
			developmentRegion = English;
			hasScannedForEncodings = 0;
			knownRegions = (
				en,
			);
			mainGroup = 290134C91AC3991C00BBFE29;
			productRefGroup = 290134D31AC3991C00BBFE29 /* Products */;
			projectDirPath = "";
			projectRoot = "";
			targets = (
				290134D11AC3991C00BBFE29 /* Tomo */,
				D000F1791C2809DF00AD873C /* TomoTests */,
			);
		};
/* End PBXProject section */

/* Begin PBXResourcesBuildPhase section */
		290134D01AC3991C00BBFE29 /* Resources */ = {
			isa = PBXResourcesBuildPhase;
			buildActionMask = 2147483647;
			files = (
				1FEE80E81B4E552A0061B913 /* Home.storyboard in Resources */,
				559DCAD51C5FB373003FA73C /* Map.storyboard in Resources */,
				D05FFF501E5185EF00B60F15 /* ChatTableViewCell.xib in Resources */,
				D0A0C02B1B5F585B00ABFA5F /* Profile.storyboard in Resources */,
				D0DB07D71B9D1B5200C06C4E /* NotificationView.xib in Resources */,
				29CA441E1AD4CAF0009EB177 /* Setting.storyboard in Resources */,
				1FF9B95F1C59EB5C008BB6ED /* Chat.storyboard in Resources */,
				1FF6930D1C1E95FC00777BD5 /* Landing.storyboard in Resources */,
				1F7AEE4A1E5EB988009F3806 /* ChatTableViewTextCell.xib in Resources */,
				296D8BC41AFC5A680058D400 /* Main.storyboard in Resources */,
				1F7AEE4C1E5EB99F009F3806 /* ChatTableViewImageCell.xib in Resources */,
				1FA76AFE1BA27B1E004776B0 /* Group.storyboard in Resources */,
				290134DF1AC3991C00BBFE29 /* Images.xcassets in Resources */,
				296D8BC31AFC5A680058D400 /* LaunchScreen.xib in Resources */,
				D0A104951BEB055100AEE356 /* statements.html in Resources */,
			);
			runOnlyForDeploymentPostprocessing = 0;
		};
		D000F1781C2809DF00AD873C /* Resources */ = {
			isa = PBXResourcesBuildPhase;
			buildActionMask = 2147483647;
			files = (
			);
			runOnlyForDeploymentPostprocessing = 0;
		};
/* End PBXResourcesBuildPhase section */

/* Begin PBXShellScriptBuildPhase section */
		1F1ECE0A1C1176FC00A3CADA /* ShellScript */ = {
			isa = PBXShellScriptBuildPhase;
			buildActionMask = 2147483647;
			files = (
			);
			inputPaths = (
				"$(SRCROOT)/Carthage/Build/iOS/Alamofire.framework",
				"$(SRCROOT)/Carthage/Build/iOS/SocketIO.framework",
				"$(SRCROOT)/Carthage/Build/iOS/SwiftyJSON.framework",
				"$(SRCROOT)/Carthage/Build/iOS/WechatKit.framework",
				"$(SRCROOT)/Carthage/Build/iOS/SDWebImage.framework",
				"$(SRCROOT)/Carthage/Build/iOS/SVProgressHUD.framework",
				"$(SRCROOT)/Carthage/Build/iOS/SlackTextViewController.framework",
				"$(SRCROOT)/Carthage/Build/iOS/RxSwift.framework",
				"$(SRCROOT)/Carthage/Build/iOS/RxCocoa.framework",
			);
			outputPaths = (
			);
			runOnlyForDeploymentPostprocessing = 0;
			shellPath = /bin/sh;
			shellScript = "if which swiftlint >/dev/null; then\n    swiftlint\nelse\n    echo \"warning: SwiftLint not installed, download from https://github.com/realm/SwiftLint\"\nfi\n\n/usr/local/bin/carthage copy-frameworks";
		};
/* End PBXShellScriptBuildPhase section */

/* Begin PBXSourcesBuildPhase section */
		290134CE1AC3991C00BBFE29 /* Sources */ = {
			isa = PBXSourcesBuildPhase;
			buildActionMask = 2147483647;
			files = (
				D097AEA01E553D1300615728 /* UIImage.swift in Sources */,
				D0A7C89C1E1CD1C00046E571 /* CommentEntity.swift in Sources */,
				D0A7C8931E1CD03D0046E571 /* SignupRouter.swift in Sources */,
				296040401ACE46E000D2A338 /* Constants.swift in Sources */,
				D097AEA21E553D1300615728 /* WechatKit+RxSwift.swift in Sources */,
				1F7AEE501E5EB9E0009F3806 /* ChatTableViewImageCell.swift in Sources */,
				D0A7C88E1E1CD03D0046E571 /* MessageRouter.swift in Sources */,
				D0E9B2811E24D11B00101277 /* RecommendStationTableViewCell.swift in Sources */,
				17B993011AF353D000204E97 /* amrFileCodec.m in Sources */,
				D0A7C88C1E1CD03D0046E571 /* GroupRouter.swift in Sources */,
				D0223CEE1E1F856E004D5FE3 /* RegViewController.swift in Sources */,
				D007D8961E25FBD60005DC21 /* MyAccountViewController.swift in Sources */,
				D0A7C88B1E1CD03D0046E571 /* GroupMessageRouter.swift in Sources */,
				D097AE9C1E553D1300615728 /* Alamofire-SwiftyJSON.swift in Sources */,
				D007D8891E25E9100005DC21 /* LandingViewController.swift in Sources */,
				D0F6E2B81E24A893000B0EC3 /* GroupAnnotation.swift in Sources */,
				D007D8971E25FBD60005DC21 /* BookmarkedPostsViewController.swift in Sources */,
				D007D8911E25FB500005DC21 /* PickerTableViewController.swift in Sources */,
				D0A7C8901E1CD03D0046E571 /* ReportRouter.swift in Sources */,
				D0E9B2B31E24ED2E00101277 /* AmazonS3RequestManager.swift in Sources */,
				D0A7C8991E1CD0BA0046E571 /* MessageEntity.swift in Sources */,
				D0E9B2831E24D14700101277 /* ImagePostTableViewCell.swift in Sources */,
				D007D8901E25F9700005DC21 /* MapViewController.swift in Sources */,
				D0A7C89D1E1CD1CC0046E571 /* PostEntity.swift in Sources */,
				D0DB07D91B9D224900C06C4E /* NotificationView.swift in Sources */,
				D0A7C88A1E1CD03D0046E571 /* ContactRouter.swift in Sources */,
				D097AEA11E553D1300615728 /* UIViewController.swift in Sources */,
				D0F6E2BB1E24A909000B0EC3 /* AggregatableAnnotationView.swift in Sources */,
				D007D89D1E25FBD60005DC21 /* SettingNavigationController.swift in Sources */,
				D007D8981E25FBD60005DC21 /* FriendListSendRequestController.swift in Sources */,
				D097AE9F1E553D1300615728 /* String.swift in Sources */,
				D007D88F1E25F8BC0005DC21 /* UserAnnotationView.swift in Sources */,
				D0A7C8981E1CD0530046E571 /* Entity.swift in Sources */,
				D007D89A1E25FBD60005DC21 /* MyPostsViewController.swift in Sources */,
				D007D8831E25E48F0005DC21 /* ContactsViewController.swift in Sources */,
				D007D8851E25E4960005DC21 /* ContactsNavigationController.swift in Sources */,
				D0F6E2B71E24A860000B0EC3 /* RecommendViewController.swift in Sources */,
				D0A7C89B1E1CD1BC0046E571 /* GroupEntity.swift in Sources */,
				290134D81AC3991C00BBFE29 /* AppDelegate.swift in Sources */,
				D007D8991E25FBD60005DC21 /* NotificationListViewController.swift in Sources */,
				D0A7C89A1E1CD1AD0046E571 /* NotificationEntity.swift in Sources */,
				D007D8871E25E7E00005DC21 /* StationDiscoverViewController.swift in Sources */,
				D0A578061E1D02B100F8A8BC /* SocketController.swift in Sources */,
				D0A7C8971E1CD0500046E571 /* UserEntity.swift in Sources */,
				D097AE9E1E553D1300615728 /* RxSwift.swift in Sources */,
				D007D8921E25FB500005DC21 /* DatePickerViewController.swift in Sources */,
				D007D88B1E25F8BC0005DC21 /* PostAnnotation.swift in Sources */,
				D0A7C8941E1CD03D0046E571 /* UserRouter.swift in Sources */,
				D0F6E2BA1E24A8F6000B0EC3 /* StationAnnotationView.swift in Sources */,
				D007D89C1E25FBD60005DC21 /* AgreementViewController.swift in Sources */,
				D0E9B2801E24D0E200101277 /* PostDetailViewController.swift in Sources */,
				D007D8821E25DD780005DC21 /* LatestMessagesViewController.swift in Sources */,
				D0E9B2B41E24ED2E00101277 /* AmazonS3SignatureHelpers.m in Sources */,
				D097AE9D1E553D1300615728 /* Array.swift in Sources */,
				D0E9B2861E24DA0000101277 /* ProfileViewController.swift in Sources */,
				D007D88D1E25F8BC0005DC21 /* StationAnnotation.swift in Sources */,
				D0F6E2BD1E24CDC2000B0EC3 /* HomeViewController.swift in Sources */,
				29BE7E121AC54224008110B4 /* Util.swift in Sources */,
				D0E9B28B1E24E6C700101277 /* VoiceController.swift in Sources */,
				D0A7C8BD1E1CDFC50046E571 /* LocationController.swift in Sources */,
				D007D89B1E25FBD60005DC21 /* PushSettingViewController.swift in Sources */,
				D007D88E1E25F8BC0005DC21 /* UserAnnotation.swift in Sources */,
				D097AEA41E55421400615728 /* Date.swift in Sources */,
				D0E9B2841E24D3D800101277 /* GroupDetailViewController.swift in Sources */,
				D007D8801E25C3730005DC21 /* CreatePostViewController.swift in Sources */,
				D007D88C1E25F8BC0005DC21 /* PostAnnotationView.swift in Sources */,
				D007D8841E25E4930005DC21 /* SearchFriendViewController.swift in Sources */,
				1F123E9E1E517E7100466750 /* GroupViewController.swift in Sources */,
				D0A7C8891E1CD0230046E571 /* Account.swift in Sources */,
				D0E9B2881E24DF1300101277 /* UserPostsViewController.swift in Sources */,
				D0A7C8B81E1CD9400046E571 /* URLSchemesController.swift in Sources */,
				D007D88A1E25F8BC0005DC21 /* GroupAnnotationView.swift in Sources */,
				D0A7C88F1E1CD03D0046E571 /* PostRouter.swift in Sources */,
				D0A7C8B71E1CD8DA0046E571 /* ListenerEvent.swift in Sources */,
				D0A7C8951E1CD03D0046E571 /* APIRoute.swift in Sources */,
				D0E9B28C1E24E6CA00101277 /* S3Controller.swift in Sources */,
				D0A7C8DC1E1CE1AE0046E571 /* RemoteNotification.swift in Sources */,
				295272D01AD51B2300FC7833 /* S3.swift in Sources */,
				D0E9B2821E24D13A00101277 /* TextPostTableViewCell.swift in Sources */,
				D0F6E2B91E24A89E000B0EC3 /* AggregatableAnnotation.swift in Sources */,
				D0A7C8921E1CD03D0046E571 /* SigninRouter.swift in Sources */,
				D007D8881E25E9080005DC21 /* SignUpViewController.swift in Sources */,
				D0A7C8911E1CD03D0046E571 /* SettingRouter.swift in Sources */,
				D0E9B28A1E24E6C300101277 /* CameraController.swift in Sources */,
				296D8BAC1AFC59F10058D400 /* TabBarController.swift in Sources */,
				D04C7AED1E83CF0A00BD2959 /* DispatchQueue.swift in Sources */,
				D05FFF2F1E514A8D00B60F15 /* ChatViewController.swift in Sources */,
				D007D8951E25FBD60005DC21 /* MyAccountEditViewController.swift in Sources */,
				D0A7C88D1E1CD03D0046E571 /* InvitationRouter.swift in Sources */,
				D0349BB81E81021200D6877F /* IBInspectable.swift in Sources */,
				D007D8811E25C8A40005DC21 /* GroupDescriptionViewController.swift in Sources */,
				1F7AEE4E1E5EB9C8009F3806 /* ChatTableViewTextCell.swift in Sources */,
			);
			runOnlyForDeploymentPostprocessing = 0;
		};
		D000F1761C2809DF00AD873C /* Sources */ = {
			isa = PBXSourcesBuildPhase;
			buildActionMask = 2147483647;
			files = (
				D000F17D1C2809DF00AD873C /* TomoTests.swift in Sources */,
			);
			runOnlyForDeploymentPostprocessing = 0;
		};
/* End PBXSourcesBuildPhase section */

/* Begin PBXTargetDependency section */
		D000F1801C2809DF00AD873C /* PBXTargetDependency */ = {
			isa = PBXTargetDependency;
			target = 290134D11AC3991C00BBFE29 /* Tomo */;
			targetProxy = D000F17F1C2809DF00AD873C /* PBXContainerItemProxy */;
		};
/* End PBXTargetDependency section */

/* Begin XCBuildConfiguration section */
		290134EF1AC3991D00BBFE29 /* Debug */ = {
			isa = XCBuildConfiguration;
			buildSettings = {
				ALWAYS_SEARCH_USER_PATHS = NO;
				CLANG_CXX_LANGUAGE_STANDARD = "gnu++0x";
				CLANG_CXX_LIBRARY = "libc++";
				CLANG_ENABLE_MODULES = YES;
				CLANG_ENABLE_OBJC_ARC = YES;
				CLANG_WARN_BOOL_CONVERSION = YES;
				CLANG_WARN_CONSTANT_CONVERSION = YES;
				CLANG_WARN_DIRECT_OBJC_ISA_USAGE = YES_ERROR;
				CLANG_WARN_EMPTY_BODY = YES;
				CLANG_WARN_ENUM_CONVERSION = YES;
				CLANG_WARN_INFINITE_RECURSION = YES;
				CLANG_WARN_INT_CONVERSION = YES;
				CLANG_WARN_OBJC_ROOT_CLASS = YES_ERROR;
				CLANG_WARN_SUSPICIOUS_MOVE = YES;
				CLANG_WARN_UNREACHABLE_CODE = YES;
				CLANG_WARN__DUPLICATE_METHOD_MATCH = YES;
				"CODE_SIGN_IDENTITY[sdk=iphoneos*]" = "iPhone Developer";
				COPY_PHASE_STRIP = NO;
				DEBUG_INFORMATION_FORMAT = dwarf;
				ENABLE_STRICT_OBJC_MSGSEND = YES;
				ENABLE_TESTABILITY = YES;
				GCC_C_LANGUAGE_STANDARD = gnu99;
				GCC_DYNAMIC_NO_PIC = NO;
				GCC_NO_COMMON_BLOCKS = YES;
				GCC_OPTIMIZATION_LEVEL = 0;
				GCC_PREPROCESSOR_DEFINITIONS = (
					"DEBUG=1",
					"$(inherited)",
				);
				GCC_SYMBOLS_PRIVATE_EXTERN = NO;
				GCC_WARN_64_TO_32_BIT_CONVERSION = YES;
				GCC_WARN_ABOUT_RETURN_TYPE = YES_ERROR;
				GCC_WARN_UNDECLARED_SELECTOR = YES;
				GCC_WARN_UNINITIALIZED_AUTOS = YES_AGGRESSIVE;
				GCC_WARN_UNUSED_FUNCTION = YES;
				GCC_WARN_UNUSED_VARIABLE = YES;
				IPHONEOS_DEPLOYMENT_TARGET = 9.0;
				MTL_ENABLE_DEBUG_INFO = YES;
				ONLY_ACTIVE_ARCH = YES;
				SDKROOT = iphoneos;
				SWIFT_INSTALL_OBJC_HEADER = YES;
				SWIFT_OPTIMIZATION_LEVEL = "-Onone";
			};
			name = Debug;
		};
		290134F01AC3991D00BBFE29 /* Release */ = {
			isa = XCBuildConfiguration;
			buildSettings = {
				ALWAYS_SEARCH_USER_PATHS = NO;
				CLANG_CXX_LANGUAGE_STANDARD = "gnu++0x";
				CLANG_CXX_LIBRARY = "libc++";
				CLANG_ENABLE_MODULES = YES;
				CLANG_ENABLE_OBJC_ARC = YES;
				CLANG_WARN_BOOL_CONVERSION = YES;
				CLANG_WARN_CONSTANT_CONVERSION = YES;
				CLANG_WARN_DIRECT_OBJC_ISA_USAGE = YES_ERROR;
				CLANG_WARN_EMPTY_BODY = YES;
				CLANG_WARN_ENUM_CONVERSION = YES;
				CLANG_WARN_INFINITE_RECURSION = YES;
				CLANG_WARN_INT_CONVERSION = YES;
				CLANG_WARN_OBJC_ROOT_CLASS = YES_ERROR;
				CLANG_WARN_SUSPICIOUS_MOVE = YES;
				CLANG_WARN_UNREACHABLE_CODE = YES;
				CLANG_WARN__DUPLICATE_METHOD_MATCH = YES;
				"CODE_SIGN_IDENTITY[sdk=iphoneos*]" = "iPhone Distribution: E-BUSINESS Inc.";
				COPY_PHASE_STRIP = NO;
				ENABLE_NS_ASSERTIONS = NO;
				ENABLE_STRICT_OBJC_MSGSEND = YES;
				GCC_C_LANGUAGE_STANDARD = gnu99;
				GCC_NO_COMMON_BLOCKS = YES;
				GCC_WARN_64_TO_32_BIT_CONVERSION = YES;
				GCC_WARN_ABOUT_RETURN_TYPE = YES_ERROR;
				GCC_WARN_UNDECLARED_SELECTOR = YES;
				GCC_WARN_UNINITIALIZED_AUTOS = YES_AGGRESSIVE;
				GCC_WARN_UNUSED_FUNCTION = YES;
				GCC_WARN_UNUSED_VARIABLE = YES;
				IPHONEOS_DEPLOYMENT_TARGET = 9.0;
				MTL_ENABLE_DEBUG_INFO = NO;
				SDKROOT = iphoneos;
				SWIFT_INSTALL_OBJC_HEADER = YES;
				SWIFT_OPTIMIZATION_LEVEL = "-Owholemodule";
				VALIDATE_PRODUCT = YES;
			};
			name = Release;
		};
		290134F21AC3991D00BBFE29 /* Debug */ = {
			isa = XCBuildConfiguration;
			buildSettings = {
				ASSETCATALOG_COMPILER_APPICON_NAME = AppIcon;
				ASSETCATALOG_COMPILER_LAUNCHIMAGE_NAME = LaunchImage;
				CLANG_ENABLE_MODULES = YES;
				CODE_SIGN_ENTITLEMENTS = Tomo/tomo.entitlements;
				"CODE_SIGN_IDENTITY[sdk=iphoneos*]" = "iPhone Developer";
				DEVELOPMENT_TEAM = "";
				FRAMEWORK_SEARCH_PATHS = (
					"$(inherited)",
					"$(PROJECT_DIR)",
					"$(PROJECT_DIR)/Carthage/Build/iOS",
				);
				INFOPLIST_FILE = Tomo/Info.plist;
				LD_RUNPATH_SEARCH_PATHS = "$(inherited) @executable_path/Frameworks";
				LIBRARY_SEARCH_PATHS = (
					"$(inherited)",
					"$(PROJECT_DIR)/Vendors/opencore-amr/lib",
				);
				OTHER_LDFLAGS = (
					"$(inherited)",
					"-framework",
					Reveal,
					"-l\"z\"",
				);
				OTHER_SWIFT_FLAGS = "-D DEBUG";
				PRODUCT_BUNDLE_IDENTIFIER = "jp.co.e-business.$(PRODUCT_NAME:rfc1034identifier)";
				PRODUCT_NAME = tomo;
				PROVISIONING_PROFILE = "";
				PROVISIONING_PROFILE_SPECIFIER = "";
				SWIFT_OBJC_BRIDGING_HEADER = "Tomo-Bridging-Header.h";
				SWIFT_OPTIMIZATION_LEVEL = "-Onone";
				SWIFT_VERSION = 3.0;
			};
			name = Debug;
		};
		290134F31AC3991D00BBFE29 /* Release */ = {
			isa = XCBuildConfiguration;
			buildSettings = {
				ASSETCATALOG_COMPILER_APPICON_NAME = AppIcon;
				ASSETCATALOG_COMPILER_LAUNCHIMAGE_NAME = LaunchImage;
				CLANG_ENABLE_MODULES = YES;
				CODE_SIGN_ENTITLEMENTS = Tomo/tomo.entitlements;
				"CODE_SIGN_IDENTITY[sdk=iphoneos*]" = "iPhone Developer";
				DEVELOPMENT_TEAM = "";
				FRAMEWORK_SEARCH_PATHS = (
					"$(inherited)",
					"$(PROJECT_DIR)",
					"$(PROJECT_DIR)/Carthage/Build/iOS",
				);
				INFOPLIST_FILE = Tomo/Info.plist;
				LD_RUNPATH_SEARCH_PATHS = "$(inherited) @executable_path/Frameworks";
				LIBRARY_SEARCH_PATHS = (
					"$(inherited)",
					"$(PROJECT_DIR)/Vendors/opencore-amr/lib",
				);
				OTHER_LDFLAGS = "$(inherited)";
				PRODUCT_BUNDLE_IDENTIFIER = "jp.co.e-business.$(PRODUCT_NAME:rfc1034identifier)";
				PRODUCT_NAME = tomo;
				PROVISIONING_PROFILE = "";
				PROVISIONING_PROFILE_SPECIFIER = "";
				SWIFT_OBJC_BRIDGING_HEADER = "Tomo-Bridging-Header.h";
				SWIFT_OPTIMIZATION_LEVEL = "-Owholemodule";
				SWIFT_VERSION = 3.0;
			};
			name = Release;
		};
		D000F1821C2809DF00AD873C /* Debug */ = {
			isa = XCBuildConfiguration;
			buildSettings = {
				BUNDLE_LOADER = "$(TEST_HOST)";
				FRAMEWORK_SEARCH_PATHS = "$(PROJECT_DIR)/Carthage/Build/iOS";
				GCC_NO_COMMON_BLOCKS = YES;
				INFOPLIST_FILE = TomoTests/Info.plist;
				IPHONEOS_DEPLOYMENT_TARGET = 9.2;
				LD_RUNPATH_SEARCH_PATHS = "$(inherited) @executable_path/Frameworks @loader_path/Frameworks";
				OTHER_SWIFT_FLAGS = "-D TEST";
				PRODUCT_BUNDLE_IDENTIFIER = "jp.co.e-business.TomoTests";
				PRODUCT_NAME = "$(TARGET_NAME)";
				SWIFT_OBJC_BRIDGING_HEADER = "TomoTests/TomoTests-Header.h";
				SWIFT_VERSION = 3.0;
				TEST_HOST = "$(BUILT_PRODUCTS_DIR)/tomo.app/tomo";
			};
			name = Debug;
		};
		D000F1831C2809DF00AD873C /* Release */ = {
			isa = XCBuildConfiguration;
			buildSettings = {
				BUNDLE_LOADER = "$(TEST_HOST)";
				"CODE_SIGN_IDENTITY[sdk=iphoneos*]" = "iPhone Developer";
				DEBUG_INFORMATION_FORMAT = "dwarf-with-dsym";
				FRAMEWORK_SEARCH_PATHS = "$(PROJECT_DIR)/Carthage/Build/iOS";
				GCC_NO_COMMON_BLOCKS = YES;
				INFOPLIST_FILE = TomoTests/Info.plist;
				IPHONEOS_DEPLOYMENT_TARGET = 9.2;
				LD_RUNPATH_SEARCH_PATHS = "$(inherited) @executable_path/Frameworks @loader_path/Frameworks";
				OTHER_SWIFT_FLAGS = "-D TEST";
				PRODUCT_BUNDLE_IDENTIFIER = "jp.co.e-business.TomoTests";
				PRODUCT_NAME = "$(TARGET_NAME)";
				SWIFT_OBJC_BRIDGING_HEADER = "TomoTests/TomoTests-Header.h";
				SWIFT_VERSION = 3.0;
				TEST_HOST = "$(BUILT_PRODUCTS_DIR)/tomo.app/tomo";
			};
			name = Release;
		};
/* End XCBuildConfiguration section */

/* Begin XCConfigurationList section */
		290134CD1AC3991C00BBFE29 /* Build configuration list for PBXProject "Tomo" */ = {
			isa = XCConfigurationList;
			buildConfigurations = (
				290134EF1AC3991D00BBFE29 /* Debug */,
				290134F01AC3991D00BBFE29 /* Release */,
			);
			defaultConfigurationIsVisible = 0;
			defaultConfigurationName = Release;
		};
		290134F11AC3991D00BBFE29 /* Build configuration list for PBXNativeTarget "Tomo" */ = {
			isa = XCConfigurationList;
			buildConfigurations = (
				290134F21AC3991D00BBFE29 /* Debug */,
				290134F31AC3991D00BBFE29 /* Release */,
			);
			defaultConfigurationIsVisible = 0;
			defaultConfigurationName = Release;
		};
		D000F1811C2809DF00AD873C /* Build configuration list for PBXNativeTarget "TomoTests" */ = {
			isa = XCConfigurationList;
			buildConfigurations = (
				D000F1821C2809DF00AD873C /* Debug */,
				D000F1831C2809DF00AD873C /* Release */,
			);
			defaultConfigurationIsVisible = 0;
			defaultConfigurationName = Release;
		};
/* End XCConfigurationList section */
	};
	rootObject = 290134CA1AC3991C00BBFE29 /* Project object */;
}
