// !$*UTF8*$!
{
	archiveVersion = 1;
	classes = {
	};
	objectVersion = 46;
	objects = {

/* Begin PBXAggregateTarget section */
		290135031AC3A57E00BBFE29 /* Mogenerator */ = {
			isa = PBXAggregateTarget;
			buildConfigurationList = 290135041AC3A57E00BBFE29 /* Build configuration list for PBXAggregateTarget "Mogenerator" */;
			buildPhases = (
				290135071AC3A58800BBFE29 /* ShellScript */,
			);
			dependencies = (
			);
			name = Mogenerator;
			productName = Mogenerator;
		};
/* End PBXAggregateTarget section */

/* Begin PBXBuildFile section */
		1712BE2C1ACCE801000A9C47 /* _Group.swift in Sources */ = {isa = PBXBuildFile; fileRef = 1712BE2B1ACCE801000A9C47 /* _Group.swift */; };
		1712BE2E1ACCE809000A9C47 /* Group.swift in Sources */ = {isa = PBXBuildFile; fileRef = 1712BE2D1ACCE809000A9C47 /* Group.swift */; };
		1712BE2F1ACCE810000A9C47 /* Group.swift in Sources */ = {isa = PBXBuildFile; fileRef = 1712BE2D1ACCE809000A9C47 /* Group.swift */; };
		1712BE301ACCE819000A9C47 /* _Group.swift in Sources */ = {isa = PBXBuildFile; fileRef = 1712BE2B1ACCE801000A9C47 /* _Group.swift */; };
		1712BE321ACD0808000A9C47 /* MailSettingMapping.plist in Resources */ = {isa = PBXBuildFile; fileRef = 1712BE311ACD0808000A9C47 /* MailSettingMapping.plist */; };
		1712BE341ACE17AB000A9C47 /* ImagesMapping.plist in Resources */ = {isa = PBXBuildFile; fileRef = 1712BE331ACE17AB000A9C47 /* ImagesMapping.plist */; };
		1712BE361ACE1836000A9C47 /* Images.swift in Sources */ = {isa = PBXBuildFile; fileRef = 1712BE351ACE1836000A9C47 /* Images.swift */; };
		1712BE381ACE183C000A9C47 /* _Images.swift in Sources */ = {isa = PBXBuildFile; fileRef = 1712BE371ACE183C000A9C47 /* _Images.swift */; };
		1712BE391ACE1958000A9C47 /* Images.swift in Sources */ = {isa = PBXBuildFile; fileRef = 1712BE351ACE1836000A9C47 /* Images.swift */; };
		1712BE3A1ACE195B000A9C47 /* _Images.swift in Sources */ = {isa = PBXBuildFile; fileRef = 1712BE371ACE183C000A9C47 /* _Images.swift */; };
		1712BE3C1ACE1E1B000A9C47 /* DBControllerTests.swift in Sources */ = {isa = PBXBuildFile; fileRef = 1712BE3B1ACE1E1B000A9C47 /* DBControllerTests.swift */; };
		1712BE3E1ACE4101000A9C47 /* DevicesMapping.plist in Resources */ = {isa = PBXBuildFile; fileRef = 1712BE3D1ACE4101000A9C47 /* DevicesMapping.plist */; };
		1712BE401ACE4135000A9C47 /* _Devices.swift in Sources */ = {isa = PBXBuildFile; fileRef = 1712BE3F1ACE4135000A9C47 /* _Devices.swift */; };
		1712BE421ACE413C000A9C47 /* Devices.swift in Sources */ = {isa = PBXBuildFile; fileRef = 1712BE411ACE413C000A9C47 /* Devices.swift */; };
		1712BE431ACE4140000A9C47 /* Devices.swift in Sources */ = {isa = PBXBuildFile; fileRef = 1712BE411ACE413C000A9C47 /* Devices.swift */; };
		1712BE441ACE4143000A9C47 /* _Devices.swift in Sources */ = {isa = PBXBuildFile; fileRef = 1712BE3F1ACE4135000A9C47 /* _Devices.swift */; };
		1712BE461ACE57B6000A9C47 /* CommentsMapping.plist in Resources */ = {isa = PBXBuildFile; fileRef = 1712BE451ACE57B6000A9C47 /* CommentsMapping.plist */; };
		1712BE481ACE5A54000A9C47 /* Comments.swift in Sources */ = {isa = PBXBuildFile; fileRef = 1712BE471ACE5A54000A9C47 /* Comments.swift */; };
		1712BE491ACE5D05000A9C47 /* Comments.swift in Sources */ = {isa = PBXBuildFile; fileRef = 1712BE471ACE5A54000A9C47 /* Comments.swift */; };
		1712BE4B1ACE5D0F000A9C47 /* _Comments.swift in Sources */ = {isa = PBXBuildFile; fileRef = 1712BE4A1ACE5D0F000A9C47 /* _Comments.swift */; };
		1712BE4C1ACE5D12000A9C47 /* _Comments.swift in Sources */ = {isa = PBXBuildFile; fileRef = 1712BE4A1ACE5D0F000A9C47 /* _Comments.swift */; };
		1712BE4D1ACE60D6000A9C47 /* DevicesMapping.plist in Resources */ = {isa = PBXBuildFile; fileRef = 1712BE3D1ACE4101000A9C47 /* DevicesMapping.plist */; };
		1712BE4E1ACE60DE000A9C47 /* ImagesMapping.plist in Resources */ = {isa = PBXBuildFile; fileRef = 1712BE331ACE17AB000A9C47 /* ImagesMapping.plist */; };
		1712BE4F1ACE60E3000A9C47 /* MessageMapping.plist in Resources */ = {isa = PBXBuildFile; fileRef = 178D649D1ACC0DDF00185368 /* MessageMapping.plist */; };
		1712BE501ACE60E7000A9C47 /* CommentsMapping.plist in Resources */ = {isa = PBXBuildFile; fileRef = 1712BE451ACE57B6000A9C47 /* CommentsMapping.plist */; };
		172EADD01ACC1C850039F42E /* _Message.swift in Sources */ = {isa = PBXBuildFile; fileRef = 178D64A11ACC10BE00185368 /* _Message.swift */; };
		172EADD11ACC1C910039F42E /* Message.swift in Sources */ = {isa = PBXBuildFile; fileRef = 178D649F1ACC10B600185368 /* Message.swift */; };
		178D649E1ACC0DDF00185368 /* MessageMapping.plist in Resources */ = {isa = PBXBuildFile; fileRef = 178D649D1ACC0DDF00185368 /* MessageMapping.plist */; };
		178D64A01ACC10B600185368 /* Message.swift in Sources */ = {isa = PBXBuildFile; fileRef = 178D649F1ACC10B600185368 /* Message.swift */; };
		178D64A21ACC10BE00185368 /* _Message.swift in Sources */ = {isa = PBXBuildFile; fileRef = 178D64A11ACC10BE00185368 /* _Message.swift */; };
		222D6DC71A44F8CC6929BFD6 /* (null) in Frameworks */ = {isa = PBXBuildFile; settings = {ATTRIBUTES = (Weak, ); }; };
		290134D81AC3991C00BBFE29 /* AppDelegate.swift in Sources */ = {isa = PBXBuildFile; fileRef = 290134D71AC3991C00BBFE29 /* AppDelegate.swift */; };
		290134DA1AC3991C00BBFE29 /* ViewController.swift in Sources */ = {isa = PBXBuildFile; fileRef = 290134D91AC3991C00BBFE29 /* ViewController.swift */; };
		290134DD1AC3991C00BBFE29 /* Main.storyboard in Resources */ = {isa = PBXBuildFile; fileRef = 290134DB1AC3991C00BBFE29 /* Main.storyboard */; };
		290134DF1AC3991C00BBFE29 /* Images.xcassets in Resources */ = {isa = PBXBuildFile; fileRef = 290134DE1AC3991C00BBFE29 /* Images.xcassets */; };
		290134E21AC3991C00BBFE29 /* LaunchScreen.xib in Resources */ = {isa = PBXBuildFile; fileRef = 290134E01AC3991C00BBFE29 /* LaunchScreen.xib */; };
		290134EE1AC3991D00BBFE29 /* TomoTests.swift in Sources */ = {isa = PBXBuildFile; fileRef = 290134ED1AC3991D00BBFE29 /* TomoTests.swift */; };
		290134F81AC39F4600BBFE29 /* ApiController.swift in Sources */ = {isa = PBXBuildFile; fileRef = 290134F71AC39F4600BBFE29 /* ApiController.swift */; };
		290135121AC3A67200BBFE29 /* Model.xcdatamodeld in Sources */ = {isa = PBXBuildFile; fileRef = 2901350C1AC3A67200BBFE29 /* Model.xcdatamodeld */; };
		290135131AC3A67200BBFE29 /* Model.xcdatamodeld in Sources */ = {isa = PBXBuildFile; fileRef = 2901350C1AC3A67200BBFE29 /* Model.xcdatamodeld */; };
		290135171AC3A78E00BBFE29 /* User.swift in Sources */ = {isa = PBXBuildFile; fileRef = 290135161AC3A78E00BBFE29 /* User.swift */; };
		290135181AC3A78E00BBFE29 /* User.swift in Sources */ = {isa = PBXBuildFile; fileRef = 290135161AC3A78E00BBFE29 /* User.swift */; };
		2901351A1AC3A79500BBFE29 /* _User.swift in Sources */ = {isa = PBXBuildFile; fileRef = 290135191AC3A79500BBFE29 /* _User.swift */; };
		2901351B1AC3A79500BBFE29 /* _User.swift in Sources */ = {isa = PBXBuildFile; fileRef = 290135191AC3A79500BBFE29 /* _User.swift */; };
		2901351E1AC3A90C00BBFE29 /* Constants.swift in Sources */ = {isa = PBXBuildFile; fileRef = 2901351C1AC3A90C00BBFE29 /* Constants.swift */; };
		291ADF921AD21C01009D8BE3 /* PostDetailViewController.swift in Sources */ = {isa = PBXBuildFile; fileRef = 291ADF911AD21C01009D8BE3 /* PostDetailViewController.swift */; };
		291ADF951AD229B3009D8BE3 /* CommentCell.swift in Sources */ = {isa = PBXBuildFile; fileRef = 291ADF941AD229B3009D8BE3 /* CommentCell.swift */; };
		291ADF961AD247C4009D8BE3 /* Util.swift in Sources */ = {isa = PBXBuildFile; fileRef = 29BE7E111AC54224008110B4 /* Util.swift */; };
		291ADF971AD24892009D8BE3 /* AFDateExtension.swift in Sources */ = {isa = PBXBuildFile; fileRef = 2960404D1ACE6E5B00D2A338 /* AFDateExtension.swift */; };
		291ADF991AD24F7B009D8BE3 /* PostDetailHeaderView.swift in Sources */ = {isa = PBXBuildFile; fileRef = 291ADF981AD24F7B009D8BE3 /* PostDetailHeaderView.swift */; };
		291ADF9B1AD24FAE009D8BE3 /* PostDetailHeaderView.xib in Resources */ = {isa = PBXBuildFile; fileRef = 291ADF9A1AD24FAE009D8BE3 /* PostDetailHeaderView.xib */; };
		291ADF9D1AD2654E009D8BE3 /* AddPostViewController.swift in Sources */ = {isa = PBXBuildFile; fileRef = 291ADF9C1AD2654E009D8BE3 /* AddPostViewController.swift */; };
		291ADF9F1AD26575009D8BE3 /* AddPost.storyboard in Resources */ = {isa = PBXBuildFile; fileRef = 291ADF9E1AD26575009D8BE3 /* AddPost.storyboard */; };
		2942CCCD1ACCDB8D007CDC97 /* RegLoginViewController.swift in Sources */ = {isa = PBXBuildFile; fileRef = 2942CCCC1ACCDB8D007CDC97 /* RegLoginViewController.swift */; };
		2942CCCF1ACCE5EA007CDC97 /* Newsfeed.storyboard in Resources */ = {isa = PBXBuildFile; fileRef = 2942CCCE1ACCE5EA007CDC97 /* Newsfeed.storyboard */; };
		2942CCD11ACCE75A007CDC97 /* BaseViewController.swift in Sources */ = {isa = PBXBuildFile; fileRef = 2942CCD01ACCE75A007CDC97 /* BaseViewController.swift */; };
		2942CCD31ACCF761007CDC97 /* NewsfeedViewController.swift in Sources */ = {isa = PBXBuildFile; fileRef = 2942CCD21ACCF761007CDC97 /* NewsfeedViewController.swift */; };
		2942CCD51ACD03BF007CDC97 /* NewsfeedCell.swift in Sources */ = {isa = PBXBuildFile; fileRef = 2942CCD41ACD03BF007CDC97 /* NewsfeedCell.swift */; };
		2942CCD71ACD2B75007CDC97 /* NewsfeedCell.xib in Resources */ = {isa = PBXBuildFile; fileRef = 2942CCD61ACD2B75007CDC97 /* NewsfeedCell.xib */; };
		294BA32F1AC3D79100089204 /* ApiControllerTests.swift in Sources */ = {isa = PBXBuildFile; fileRef = 294BA32E1AC3D79100089204 /* ApiControllerTests.swift */; };
		296040401ACE46E000D2A338 /* Constants.swift in Sources */ = {isa = PBXBuildFile; fileRef = 2901351C1AC3A90C00BBFE29 /* Constants.swift */; };
		296040411ACE476B00D2A338 /* ApiController.swift in Sources */ = {isa = PBXBuildFile; fileRef = 290134F71AC39F4600BBFE29 /* ApiController.swift */; };
		296040431ACE644800D2A338 /* TestData.swift in Sources */ = {isa = PBXBuildFile; fileRef = 296040421ACE644800D2A338 /* TestData.swift */; };
		296040461ACE669900D2A338 /* Alamofire.swift in Sources */ = {isa = PBXBuildFile; fileRef = 296040451ACE669900D2A338 /* Alamofire.swift */; };
		296040471ACE687D00D2A338 /* TestData.swift in Sources */ = {isa = PBXBuildFile; fileRef = 296040421ACE644800D2A338 /* TestData.swift */; };
		296040481ACE688500D2A338 /* Alamofire.swift in Sources */ = {isa = PBXBuildFile; fileRef = 296040451ACE669900D2A338 /* Alamofire.swift */; };
		2960404C1ACE68C500D2A338 /* TestDataTests.swift in Sources */ = {isa = PBXBuildFile; fileRef = 2960404B1ACE68C500D2A338 /* TestDataTests.swift */; };
		2960404F1ACE75C500D2A338 /* AFDateExtension.swift in Sources */ = {isa = PBXBuildFile; fileRef = 2960404D1ACE6E5B00D2A338 /* AFDateExtension.swift */; };
		299389481AD3B33800043D91 /* AmazonS3RequestManager.swift in Sources */ = {isa = PBXBuildFile; fileRef = 299389441AD3B33800043D91 /* AmazonS3RequestManager.swift */; };
		299389491AD3B33800043D91 /* AmazonS3RequestManager.swift in Sources */ = {isa = PBXBuildFile; fileRef = 299389441AD3B33800043D91 /* AmazonS3RequestManager.swift */; };
		2993894A1AD3B33800043D91 /* AmazonS3SignatureHelpers.m in Sources */ = {isa = PBXBuildFile; fileRef = 299389461AD3B33800043D91 /* AmazonS3SignatureHelpers.m */; };
		2993894B1AD3B33800043D91 /* AmazonS3SignatureHelpers.m in Sources */ = {isa = PBXBuildFile; fileRef = 299389461AD3B33800043D91 /* AmazonS3SignatureHelpers.m */; };
		2993894E1AD3B70200043D91 /* SwiftyUserDefaults.swift in Sources */ = {isa = PBXBuildFile; fileRef = 29C1DA7B1AD368EC009A02CC /* SwiftyUserDefaults.swift */; };
		299389501AD3C5C800043D91 /* S3.swift in Sources */ = {isa = PBXBuildFile; fileRef = 2993894F1AD3C5C800043D91 /* S3.swift */; };
		299389511AD3C5C800043D91 /* S3.swift in Sources */ = {isa = PBXBuildFile; fileRef = 2993894F1AD3C5C800043D91 /* S3.swift */; };
		29A1AFF41AC4112800775765 /* Post.swift in Sources */ = {isa = PBXBuildFile; fileRef = 29A1AFF31AC4112800775765 /* Post.swift */; };
		29A1AFF51AC4112800775765 /* Post.swift in Sources */ = {isa = PBXBuildFile; fileRef = 29A1AFF31AC4112800775765 /* Post.swift */; };
		29A1AFF71AC4113000775765 /* _Post.swift in Sources */ = {isa = PBXBuildFile; fileRef = 29A1AFF61AC4113000775765 /* _Post.swift */; };
		29A1AFF81AC4113000775765 /* _Post.swift in Sources */ = {isa = PBXBuildFile; fileRef = 29A1AFF61AC4113000775765 /* _Post.swift */; };
		29A1AFFA1AC414E900775765 /* PostMapping.plist in Resources */ = {isa = PBXBuildFile; fileRef = 29A1AFF91AC414E900775765 /* PostMapping.plist */; };
		29A1AFFB1AC414E900775765 /* PostMapping.plist in Resources */ = {isa = PBXBuildFile; fileRef = 29A1AFF91AC414E900775765 /* PostMapping.plist */; };
		29A1AFFD1AC527BD00775765 /* GroupMapping.plist in Resources */ = {isa = PBXBuildFile; fileRef = 29A1AFFC1AC527BD00775765 /* GroupMapping.plist */; };
		29A1AFFE1AC527BD00775765 /* GroupMapping.plist in Resources */ = {isa = PBXBuildFile; fileRef = 29A1AFFC1AC527BD00775765 /* GroupMapping.plist */; };
		29A1B0061AC533A800775765 /* UserMapping.plist in Resources */ = {isa = PBXBuildFile; fileRef = 29A1B0051AC533A800775765 /* UserMapping.plist */; };
		29A1B0071AC533A800775765 /* UserMapping.plist in Resources */ = {isa = PBXBuildFile; fileRef = 29A1B0051AC533A800775765 /* UserMapping.plist */; };
		29A5D1D91ACBE01700D95B77 /* RegPageView.swift in Sources */ = {isa = PBXBuildFile; fileRef = 29A5D1D81ACBE01700D95B77 /* RegPageView.swift */; };
		29A5D1DB1ACBE03000D95B77 /* RegPageView.xib in Resources */ = {isa = PBXBuildFile; fileRef = 29A5D1DA1ACBE03000D95B77 /* RegPageView.xib */; };
		29A5D1DD1ACBE85C00D95B77 /* RegPageData.swift in Sources */ = {isa = PBXBuildFile; fileRef = 29A5D1DC1ACBE85C00D95B77 /* RegPageData.swift */; };
		29A5D1DF1ACBE9CB00D95B77 /* RegPageData.plist in Resources */ = {isa = PBXBuildFile; fileRef = 29A5D1DE1ACBE9CB00D95B77 /* RegPageData.plist */; };
		29BE7E121AC54224008110B4 /* Util.swift in Sources */ = {isa = PBXBuildFile; fileRef = 29BE7E111AC54224008110B4 /* Util.swift */; };
		29BE7E1B1AC54663008110B4 /* DBController.swift in Sources */ = {isa = PBXBuildFile; fileRef = 29BE7E1A1AC54663008110B4 /* DBController.swift */; };
		29BE7E1C1AC54663008110B4 /* DBController.swift in Sources */ = {isa = PBXBuildFile; fileRef = 29BE7E1A1AC54663008110B4 /* DBController.swift */; };
		29BE7E231AC55A28008110B4 /* MultilineLabel.swift in Sources */ = {isa = PBXBuildFile; fileRef = 29BE7E221AC55A28008110B4 /* MultilineLabel.swift */; };
		29C1DA7A1AD36659009A02CC /* S3Controller.swift in Sources */ = {isa = PBXBuildFile; fileRef = 29C1DA781AD36659009A02CC /* S3Controller.swift */; };
		29C1DA7C1AD368EC009A02CC /* SwiftyUserDefaults.swift in Sources */ = {isa = PBXBuildFile; fileRef = 29C1DA7B1AD368EC009A02CC /* SwiftyUserDefaults.swift */; };
		29D398DB1ACB9C9100FB7E40 /* RegViewController.swift in Sources */ = {isa = PBXBuildFile; fileRef = 29D398DA1ACB9C9100FB7E40 /* RegViewController.swift */; };
		92A2A34F53708B06343BB0B9 /* libPods.a in Frameworks */ = {isa = PBXBuildFile; fileRef = 543AF25BC3C38F0E432DD118 /* libPods.a */; };
		996D5072459D7CA2FD18E518 /* libPods.a in Frameworks */ = {isa = PBXBuildFile; fileRef = 543AF25BC3C38F0E432DD118 /* libPods.a */; };
/* End PBXBuildFile section */

/* Begin PBXContainerItemProxy section */
		290134E81AC3991C00BBFE29 /* PBXContainerItemProxy */ = {
			isa = PBXContainerItemProxy;
			containerPortal = 290134CA1AC3991C00BBFE29 /* Project object */;
			proxyType = 1;
			remoteGlobalIDString = 290134D11AC3991C00BBFE29;
			remoteInfo = Tomo;
		};
/* End PBXContainerItemProxy section */

/* Begin PBXFileReference section */
		1712BE2B1ACCE801000A9C47 /* _Group.swift */ = {isa = PBXFileReference; fileEncoding = 4; lastKnownFileType = sourcecode.swift; path = _Group.swift; sourceTree = "<group>"; };
		1712BE2D1ACCE809000A9C47 /* Group.swift */ = {isa = PBXFileReference; fileEncoding = 4; lastKnownFileType = sourcecode.swift; path = Group.swift; sourceTree = "<group>"; };
		1712BE311ACD0808000A9C47 /* MailSettingMapping.plist */ = {isa = PBXFileReference; fileEncoding = 4; lastKnownFileType = text.plist.xml; path = MailSettingMapping.plist; sourceTree = "<group>"; };
		1712BE331ACE17AB000A9C47 /* ImagesMapping.plist */ = {isa = PBXFileReference; fileEncoding = 4; lastKnownFileType = text.plist.xml; path = ImagesMapping.plist; sourceTree = "<group>"; };
		1712BE351ACE1836000A9C47 /* Images.swift */ = {isa = PBXFileReference; fileEncoding = 4; lastKnownFileType = sourcecode.swift; path = Images.swift; sourceTree = "<group>"; };
		1712BE371ACE183C000A9C47 /* _Images.swift */ = {isa = PBXFileReference; fileEncoding = 4; lastKnownFileType = sourcecode.swift; path = _Images.swift; sourceTree = "<group>"; };
		1712BE3B1ACE1E1B000A9C47 /* DBControllerTests.swift */ = {isa = PBXFileReference; fileEncoding = 4; lastKnownFileType = sourcecode.swift; path = DBControllerTests.swift; sourceTree = "<group>"; };
		1712BE3D1ACE4101000A9C47 /* DevicesMapping.plist */ = {isa = PBXFileReference; fileEncoding = 4; lastKnownFileType = text.plist.xml; path = DevicesMapping.plist; sourceTree = "<group>"; };
		1712BE3F1ACE4135000A9C47 /* _Devices.swift */ = {isa = PBXFileReference; fileEncoding = 4; lastKnownFileType = sourcecode.swift; path = _Devices.swift; sourceTree = "<group>"; };
		1712BE411ACE413C000A9C47 /* Devices.swift */ = {isa = PBXFileReference; fileEncoding = 4; lastKnownFileType = sourcecode.swift; path = Devices.swift; sourceTree = "<group>"; };
		1712BE451ACE57B6000A9C47 /* CommentsMapping.plist */ = {isa = PBXFileReference; fileEncoding = 4; lastKnownFileType = text.plist.xml; path = CommentsMapping.plist; sourceTree = "<group>"; };
		1712BE471ACE5A54000A9C47 /* Comments.swift */ = {isa = PBXFileReference; fileEncoding = 4; lastKnownFileType = sourcecode.swift; path = Comments.swift; sourceTree = "<group>"; };
		1712BE4A1ACE5D0F000A9C47 /* _Comments.swift */ = {isa = PBXFileReference; fileEncoding = 4; lastKnownFileType = sourcecode.swift; path = _Comments.swift; sourceTree = "<group>"; };
		178D649D1ACC0DDF00185368 /* MessageMapping.plist */ = {isa = PBXFileReference; fileEncoding = 4; lastKnownFileType = text.plist.xml; path = MessageMapping.plist; sourceTree = "<group>"; };
		178D649F1ACC10B600185368 /* Message.swift */ = {isa = PBXFileReference; fileEncoding = 4; lastKnownFileType = sourcecode.swift; path = Message.swift; sourceTree = "<group>"; };
		178D64A11ACC10BE00185368 /* _Message.swift */ = {isa = PBXFileReference; fileEncoding = 4; lastKnownFileType = sourcecode.swift; path = _Message.swift; sourceTree = "<group>"; };
		290134D21AC3991C00BBFE29 /* tomo.app */ = {isa = PBXFileReference; explicitFileType = wrapper.application; includeInIndex = 0; path = tomo.app; sourceTree = BUILT_PRODUCTS_DIR; };
		290134D61AC3991C00BBFE29 /* Info.plist */ = {isa = PBXFileReference; lastKnownFileType = text.plist.xml; path = Info.plist; sourceTree = "<group>"; };
		290134D71AC3991C00BBFE29 /* AppDelegate.swift */ = {isa = PBXFileReference; lastKnownFileType = sourcecode.swift; path = AppDelegate.swift; sourceTree = "<group>"; };
		290134D91AC3991C00BBFE29 /* ViewController.swift */ = {isa = PBXFileReference; lastKnownFileType = sourcecode.swift; path = ViewController.swift; sourceTree = "<group>"; };
		290134DC1AC3991C00BBFE29 /* Base */ = {isa = PBXFileReference; lastKnownFileType = file.storyboard; name = Base; path = Base.lproj/Main.storyboard; sourceTree = "<group>"; };
		290134DE1AC3991C00BBFE29 /* Images.xcassets */ = {isa = PBXFileReference; lastKnownFileType = folder.assetcatalog; path = Images.xcassets; sourceTree = "<group>"; };
		290134E11AC3991C00BBFE29 /* Base */ = {isa = PBXFileReference; lastKnownFileType = file.xib; name = Base; path = Base.lproj/LaunchScreen.xib; sourceTree = "<group>"; };
		290134E71AC3991C00BBFE29 /* TomoTests.xctest */ = {isa = PBXFileReference; explicitFileType = wrapper.cfbundle; includeInIndex = 0; path = TomoTests.xctest; sourceTree = BUILT_PRODUCTS_DIR; };
		290134EC1AC3991D00BBFE29 /* Info.plist */ = {isa = PBXFileReference; lastKnownFileType = text.plist.xml; path = Info.plist; sourceTree = "<group>"; };
		290134ED1AC3991D00BBFE29 /* TomoTests.swift */ = {isa = PBXFileReference; lastKnownFileType = sourcecode.swift; path = TomoTests.swift; sourceTree = "<group>"; };
		290134F71AC39F4600BBFE29 /* ApiController.swift */ = {isa = PBXFileReference; fileEncoding = 4; lastKnownFileType = sourcecode.swift; name = ApiController.swift; path = Classes/ApiController.swift; sourceTree = "<group>"; };
		290134FA1AC3A3D200BBFE29 /* Tomo-Bridging-Header.h */ = {isa = PBXFileReference; lastKnownFileType = sourcecode.c.h; path = "Tomo-Bridging-Header.h"; sourceTree = SOURCE_ROOT; };
		2901350D1AC3A67200BBFE29 /* Model.xcdatamodel */ = {isa = PBXFileReference; lastKnownFileType = wrapper.xcdatamodel; path = Model.xcdatamodel; sourceTree = "<group>"; };
		290135161AC3A78E00BBFE29 /* User.swift */ = {isa = PBXFileReference; fileEncoding = 4; lastKnownFileType = sourcecode.swift; path = User.swift; sourceTree = "<group>"; };
		290135191AC3A79500BBFE29 /* _User.swift */ = {isa = PBXFileReference; fileEncoding = 4; lastKnownFileType = sourcecode.swift; path = _User.swift; sourceTree = "<group>"; };
		2901351C1AC3A90C00BBFE29 /* Constants.swift */ = {isa = PBXFileReference; fileEncoding = 4; lastKnownFileType = sourcecode.swift; name = Constants.swift; path = Classes/Constants.swift; sourceTree = "<group>"; };
		291ADF911AD21C01009D8BE3 /* PostDetailViewController.swift */ = {isa = PBXFileReference; fileEncoding = 4; lastKnownFileType = sourcecode.swift; name = PostDetailViewController.swift; path = Classes/PostDetailViewController.swift; sourceTree = "<group>"; };
		291ADF941AD229B3009D8BE3 /* CommentCell.swift */ = {isa = PBXFileReference; fileEncoding = 4; lastKnownFileType = sourcecode.swift; name = CommentCell.swift; path = Classes/CommentCell.swift; sourceTree = "<group>"; };
		291ADF981AD24F7B009D8BE3 /* PostDetailHeaderView.swift */ = {isa = PBXFileReference; fileEncoding = 4; lastKnownFileType = sourcecode.swift; name = PostDetailHeaderView.swift; path = Classes/PostDetailHeaderView.swift; sourceTree = "<group>"; };
		291ADF9A1AD24FAE009D8BE3 /* PostDetailHeaderView.xib */ = {isa = PBXFileReference; fileEncoding = 4; lastKnownFileType = file.xib; path = PostDetailHeaderView.xib; sourceTree = "<group>"; };
		291ADF9C1AD2654E009D8BE3 /* AddPostViewController.swift */ = {isa = PBXFileReference; fileEncoding = 4; lastKnownFileType = sourcecode.swift; name = AddPostViewController.swift; path = Classes/AddPostViewController.swift; sourceTree = "<group>"; };
		291ADF9E1AD26575009D8BE3 /* AddPost.storyboard */ = {isa = PBXFileReference; fileEncoding = 4; lastKnownFileType = file.storyboard; path = AddPost.storyboard; sourceTree = "<group>"; };
		2942CCCC1ACCDB8D007CDC97 /* RegLoginViewController.swift */ = {isa = PBXFileReference; fileEncoding = 4; lastKnownFileType = sourcecode.swift; name = RegLoginViewController.swift; path = Classes/RegLoginViewController.swift; sourceTree = "<group>"; };
		2942CCCE1ACCE5EA007CDC97 /* Newsfeed.storyboard */ = {isa = PBXFileReference; fileEncoding = 4; lastKnownFileType = file.storyboard; path = Newsfeed.storyboard; sourceTree = "<group>"; };
		2942CCD01ACCE75A007CDC97 /* BaseViewController.swift */ = {isa = PBXFileReference; fileEncoding = 4; lastKnownFileType = sourcecode.swift; path = BaseViewController.swift; sourceTree = "<group>"; };
		2942CCD21ACCF761007CDC97 /* NewsfeedViewController.swift */ = {isa = PBXFileReference; fileEncoding = 4; lastKnownFileType = sourcecode.swift; name = NewsfeedViewController.swift; path = Classes/NewsfeedViewController.swift; sourceTree = "<group>"; };
		2942CCD41ACD03BF007CDC97 /* NewsfeedCell.swift */ = {isa = PBXFileReference; fileEncoding = 4; lastKnownFileType = sourcecode.swift; name = NewsfeedCell.swift; path = Classes/NewsfeedCell.swift; sourceTree = "<group>"; };
		2942CCD61ACD2B75007CDC97 /* NewsfeedCell.xib */ = {isa = PBXFileReference; fileEncoding = 4; lastKnownFileType = file.xib; path = NewsfeedCell.xib; sourceTree = "<group>"; };
		294BA32E1AC3D79100089204 /* ApiControllerTests.swift */ = {isa = PBXFileReference; fileEncoding = 4; lastKnownFileType = sourcecode.swift; path = ApiControllerTests.swift; sourceTree = "<group>"; };
		296040421ACE644800D2A338 /* TestData.swift */ = {isa = PBXFileReference; fileEncoding = 4; lastKnownFileType = sourcecode.swift; name = TestData.swift; path = Classes/TestData.swift; sourceTree = "<group>"; };
		296040451ACE669900D2A338 /* Alamofire.swift */ = {isa = PBXFileReference; fileEncoding = 4; lastKnownFileType = sourcecode.swift; path = Alamofire.swift; sourceTree = "<group>"; };
		2960404B1ACE68C500D2A338 /* TestDataTests.swift */ = {isa = PBXFileReference; fileEncoding = 4; lastKnownFileType = sourcecode.swift; path = TestDataTests.swift; sourceTree = "<group>"; };
		2960404D1ACE6E5B00D2A338 /* AFDateExtension.swift */ = {isa = PBXFileReference; fileEncoding = 4; lastKnownFileType = sourcecode.swift; path = AFDateExtension.swift; sourceTree = "<group>"; };
		299389431AD3B33800043D91 /* AmazonS3RequestManager.h */ = {isa = PBXFileReference; fileEncoding = 4; lastKnownFileType = sourcecode.c.h; path = AmazonS3RequestManager.h; sourceTree = "<group>"; };
		299389441AD3B33800043D91 /* AmazonS3RequestManager.swift */ = {isa = PBXFileReference; fileEncoding = 4; lastKnownFileType = sourcecode.swift; path = AmazonS3RequestManager.swift; sourceTree = "<group>"; };
		299389451AD3B33800043D91 /* AmazonS3SignatureHelpers.h */ = {isa = PBXFileReference; fileEncoding = 4; lastKnownFileType = sourcecode.c.h; path = AmazonS3SignatureHelpers.h; sourceTree = "<group>"; };
		299389461AD3B33800043D91 /* AmazonS3SignatureHelpers.m */ = {isa = PBXFileReference; fileEncoding = 4; lastKnownFileType = sourcecode.c.objc; path = AmazonS3SignatureHelpers.m; sourceTree = "<group>"; };
		2993894F1AD3C5C800043D91 /* S3.swift */ = {isa = PBXFileReference; fileEncoding = 4; lastKnownFileType = sourcecode.swift; name = S3.swift; path = Classes/S3.swift; sourceTree = "<group>"; };
		29A1AFF31AC4112800775765 /* Post.swift */ = {isa = PBXFileReference; fileEncoding = 4; lastKnownFileType = sourcecode.swift; path = Post.swift; sourceTree = "<group>"; };
		29A1AFF61AC4113000775765 /* _Post.swift */ = {isa = PBXFileReference; fileEncoding = 4; lastKnownFileType = sourcecode.swift; path = _Post.swift; sourceTree = "<group>"; };
		29A1AFF91AC414E900775765 /* PostMapping.plist */ = {isa = PBXFileReference; fileEncoding = 4; lastKnownFileType = text.plist.xml; path = PostMapping.plist; sourceTree = "<group>"; };
		29A1AFFC1AC527BD00775765 /* GroupMapping.plist */ = {isa = PBXFileReference; fileEncoding = 4; lastKnownFileType = text.plist.xml; path = GroupMapping.plist; sourceTree = "<group>"; };
		29A1B0051AC533A800775765 /* UserMapping.plist */ = {isa = PBXFileReference; fileEncoding = 4; lastKnownFileType = text.plist.xml; path = UserMapping.plist; sourceTree = "<group>"; };
		29A5D1D81ACBE01700D95B77 /* RegPageView.swift */ = {isa = PBXFileReference; fileEncoding = 4; lastKnownFileType = sourcecode.swift; name = RegPageView.swift; path = Classes/RegPageView.swift; sourceTree = "<group>"; };
		29A5D1DA1ACBE03000D95B77 /* RegPageView.xib */ = {isa = PBXFileReference; fileEncoding = 4; lastKnownFileType = file.xib; path = RegPageView.xib; sourceTree = "<group>"; };
		29A5D1DC1ACBE85C00D95B77 /* RegPageData.swift */ = {isa = PBXFileReference; fileEncoding = 4; lastKnownFileType = sourcecode.swift; path = RegPageData.swift; sourceTree = "<group>"; };
		29A5D1DE1ACBE9CB00D95B77 /* RegPageData.plist */ = {isa = PBXFileReference; fileEncoding = 4; lastKnownFileType = text.plist.xml; name = RegPageData.plist; path = ../RegPageData.plist; sourceTree = "<group>"; };
		29A5D1E01ACCCFB400D95B77 /* Reveal.framework */ = {isa = PBXFileReference; lastKnownFileType = wrapper.framework; path = Reveal.framework; sourceTree = "<group>"; };
		29BE7E111AC54224008110B4 /* Util.swift */ = {isa = PBXFileReference; fileEncoding = 4; lastKnownFileType = sourcecode.swift; name = Util.swift; path = Classes/Util.swift; sourceTree = "<group>"; };
		29BE7E1A1AC54663008110B4 /* DBController.swift */ = {isa = PBXFileReference; fileEncoding = 4; lastKnownFileType = sourcecode.swift; name = DBController.swift; path = Classes/DBController.swift; sourceTree = "<group>"; };
		29BE7E221AC55A28008110B4 /* MultilineLabel.swift */ = {isa = PBXFileReference; fileEncoding = 4; lastKnownFileType = sourcecode.swift; name = MultilineLabel.swift; path = Classes/MultilineLabel.swift; sourceTree = "<group>"; };
		29C1DA781AD36659009A02CC /* S3Controller.swift */ = {isa = PBXFileReference; fileEncoding = 4; lastKnownFileType = sourcecode.swift; name = S3Controller.swift; path = Classes/S3Controller.swift; sourceTree = "<group>"; };
		29C1DA7B1AD368EC009A02CC /* SwiftyUserDefaults.swift */ = {isa = PBXFileReference; fileEncoding = 4; lastKnownFileType = sourcecode.swift; path = SwiftyUserDefaults.swift; sourceTree = "<group>"; };
		29D398DA1ACB9C9100FB7E40 /* RegViewController.swift */ = {isa = PBXFileReference; fileEncoding = 4; lastKnownFileType = sourcecode.swift; name = RegViewController.swift; path = Classes/RegViewController.swift; sourceTree = "<group>"; };
		543AF25BC3C38F0E432DD118 /* libPods.a */ = {isa = PBXFileReference; explicitFileType = archive.ar; includeInIndex = 0; path = libPods.a; sourceTree = BUILT_PRODUCTS_DIR; };
		B5997E727845063A13A5D63E /* Pods.release.xcconfig */ = {isa = PBXFileReference; includeInIndex = 1; lastKnownFileType = text.xcconfig; name = Pods.release.xcconfig; path = "Pods/Target Support Files/Pods/Pods.release.xcconfig"; sourceTree = "<group>"; };
		F1801CE63ECC013D9C8C9BB6 /* Pods.debug.xcconfig */ = {isa = PBXFileReference; includeInIndex = 1; lastKnownFileType = text.xcconfig; name = Pods.debug.xcconfig; path = "Pods/Target Support Files/Pods/Pods.debug.xcconfig"; sourceTree = "<group>"; };
/* End PBXFileReference section */

/* Begin PBXFrameworksBuildPhase section */
		290134CF1AC3991C00BBFE29 /* Frameworks */ = {
			isa = PBXFrameworksBuildPhase;
			buildActionMask = 2147483647;
			files = (
				996D5072459D7CA2FD18E518 /* libPods.a in Frameworks */,
			);
			runOnlyForDeploymentPostprocessing = 0;
		};
		290134E41AC3991C00BBFE29 /* Frameworks */ = {
			isa = PBXFrameworksBuildPhase;
			buildActionMask = 2147483647;
			files = (
				222D6DC71A44F8CC6929BFD6 /* (null) in Frameworks */,
				92A2A34F53708B06343BB0B9 /* libPods.a in Frameworks */,
			);
			runOnlyForDeploymentPostprocessing = 0;
		};
/* End PBXFrameworksBuildPhase section */

/* Begin PBXGroup section */
		290134C91AC3991C00BBFE29 = {
			isa = PBXGroup;
			children = (
				29C1DA781AD36659009A02CC /* S3Controller.swift */,
				291ADF9E1AD26575009D8BE3 /* AddPost.storyboard */,
				291ADF9C1AD2654E009D8BE3 /* AddPostViewController.swift */,
				291ADF981AD24F7B009D8BE3 /* PostDetailHeaderView.swift */,
				291ADF9A1AD24FAE009D8BE3 /* PostDetailHeaderView.xib */,
				291ADF941AD229B3009D8BE3 /* CommentCell.swift */,
				291ADF911AD21C01009D8BE3 /* PostDetailViewController.swift */,
				296040421ACE644800D2A338 /* TestData.swift */,
				2942CCD61ACD2B75007CDC97 /* NewsfeedCell.xib */,
				2942CCD41ACD03BF007CDC97 /* NewsfeedCell.swift */,
				2942CCD21ACCF761007CDC97 /* NewsfeedViewController.swift */,
				2942CCD01ACCE75A007CDC97 /* BaseViewController.swift */,
				2942CCCE1ACCE5EA007CDC97 /* Newsfeed.storyboard */,
				2942CCCC1ACCDB8D007CDC97 /* RegLoginViewController.swift */,
				29A5D1DA1ACBE03000D95B77 /* RegPageView.xib */,
				29A5D1D81ACBE01700D95B77 /* RegPageView.swift */,
				29D398DA1ACB9C9100FB7E40 /* RegViewController.swift */,
				29BE7E221AC55A28008110B4 /* MultilineLabel.swift */,
				29BE7E1A1AC54663008110B4 /* DBController.swift */,
				290134DB1AC3991C00BBFE29 /* Main.storyboard */,
				29BE7E111AC54224008110B4 /* Util.swift */,
				2901351C1AC3A90C00BBFE29 /* Constants.swift */,
				2993894F1AD3C5C800043D91 /* S3.swift */,
				290134F71AC39F4600BBFE29 /* ApiController.swift */,
				290135081AC3A67200BBFE29 /* Model */,
				296040441ACE669900D2A338 /* Vendors */,
				290134D41AC3991C00BBFE29 /* Tomo */,
				290134EA1AC3991D00BBFE29 /* TomoTests */,
				290134D31AC3991C00BBFE29 /* Products */,
				B0C026D5F93A7DC22E9DF996 /* Pods */,
				D4F3CDABDCA581BFF7D35DBA /* Frameworks */,
			);
			sourceTree = "<group>";
		};
		290134D31AC3991C00BBFE29 /* Products */ = {
			isa = PBXGroup;
			children = (
				290134D21AC3991C00BBFE29 /* tomo.app */,
				290134E71AC3991C00BBFE29 /* TomoTests.xctest */,
			);
			name = Products;
			sourceTree = "<group>";
		};
		290134D41AC3991C00BBFE29 /* Tomo */ = {
			isa = PBXGroup;
			children = (
				290134D71AC3991C00BBFE29 /* AppDelegate.swift */,
				290134D91AC3991C00BBFE29 /* ViewController.swift */,
				290134DE1AC3991C00BBFE29 /* Images.xcassets */,
				290134E01AC3991C00BBFE29 /* LaunchScreen.xib */,
				290134D51AC3991C00BBFE29 /* Supporting Files */,
			);
			path = Tomo;
			sourceTree = "<group>";
		};
		290134D51AC3991C00BBFE29 /* Supporting Files */ = {
			isa = PBXGroup;
			children = (
				290134FA1AC3A3D200BBFE29 /* Tomo-Bridging-Header.h */,
				290134D61AC3991C00BBFE29 /* Info.plist */,
			);
			name = "Supporting Files";
			sourceTree = "<group>";
		};
		290134EA1AC3991D00BBFE29 /* TomoTests */ = {
			isa = PBXGroup;
			children = (
				290134ED1AC3991D00BBFE29 /* TomoTests.swift */,
				290134EB1AC3991D00BBFE29 /* Supporting Files */,
				294BA32E1AC3D79100089204 /* ApiControllerTests.swift */,
				1712BE3B1ACE1E1B000A9C47 /* DBControllerTests.swift */,
				2960404B1ACE68C500D2A338 /* TestDataTests.swift */,
			);
			path = TomoTests;
			sourceTree = "<group>";
		};
		290134EB1AC3991D00BBFE29 /* Supporting Files */ = {
			isa = PBXGroup;
			children = (
				290134EC1AC3991D00BBFE29 /* Info.plist */,
			);
			name = "Supporting Files";
			sourceTree = "<group>";
		};
		290135081AC3A67200BBFE29 /* Model */ = {
			isa = PBXGroup;
			children = (
				1712BE471ACE5A54000A9C47 /* Comments.swift */,
				29A5D1DE1ACBE9CB00D95B77 /* RegPageData.plist */,
				1712BE411ACE413C000A9C47 /* Devices.swift */,
				1712BE351ACE1836000A9C47 /* Images.swift */,
				1712BE2D1ACCE809000A9C47 /* Group.swift */,
				178D649F1ACC10B600185368 /* Message.swift */,
				29A1AFF31AC4112800775765 /* Post.swift */,
				290135161AC3A78E00BBFE29 /* User.swift */,
				290135091AC3A67200BBFE29 /* Machine */,
				2901350C1AC3A67200BBFE29 /* Model.xcdatamodeld */,
				29A1AFF21AC40FFC00775765 /* Mapping */,
				29A5D1DC1ACBE85C00D95B77 /* RegPageData.swift */,
			);
			path = Model;
			sourceTree = "<group>";
		};
		290135091AC3A67200BBFE29 /* Machine */ = {
			isa = PBXGroup;
			children = (
				1712BE4A1ACE5D0F000A9C47 /* _Comments.swift */,
				1712BE3F1ACE4135000A9C47 /* _Devices.swift */,
				1712BE371ACE183C000A9C47 /* _Images.swift */,
				1712BE2B1ACCE801000A9C47 /* _Group.swift */,
				178D64A11ACC10BE00185368 /* _Message.swift */,
				29A1AFF61AC4113000775765 /* _Post.swift */,
				290135191AC3A79500BBFE29 /* _User.swift */,
			);
			path = Machine;
			sourceTree = "<group>";
		};
		296040441ACE669900D2A338 /* Vendors */ = {
			isa = PBXGroup;
			children = (
				299389421AD3B33800043D91 /* AmazonS3RequestManager */,
				29C1DA7B1AD368EC009A02CC /* SwiftyUserDefaults.swift */,
				2960404D1ACE6E5B00D2A338 /* AFDateExtension.swift */,
				296040451ACE669900D2A338 /* Alamofire.swift */,
			);
			path = Vendors;
			sourceTree = "<group>";
		};
		299389421AD3B33800043D91 /* AmazonS3RequestManager */ = {
			isa = PBXGroup;
			children = (
				299389431AD3B33800043D91 /* AmazonS3RequestManager.h */,
				299389441AD3B33800043D91 /* AmazonS3RequestManager.swift */,
				299389451AD3B33800043D91 /* AmazonS3SignatureHelpers.h */,
				299389461AD3B33800043D91 /* AmazonS3SignatureHelpers.m */,
			);
			path = AmazonS3RequestManager;
			sourceTree = "<group>";
		};
		29A1AFF21AC40FFC00775765 /* Mapping */ = {
			isa = PBXGroup;
			children = (
				29A1AFF91AC414E900775765 /* PostMapping.plist */,
				1712BE3D1ACE4101000A9C47 /* DevicesMapping.plist */,
				1712BE311ACD0808000A9C47 /* MailSettingMapping.plist */,
				29A1AFFC1AC527BD00775765 /* GroupMapping.plist */,
				1712BE331ACE17AB000A9C47 /* ImagesMapping.plist */,
				29A1B0051AC533A800775765 /* UserMapping.plist */,
				178D649D1ACC0DDF00185368 /* MessageMapping.plist */,
				1712BE451ACE57B6000A9C47 /* CommentsMapping.plist */,
			);
			name = Mapping;
			sourceTree = "<group>";
		};
		B0C026D5F93A7DC22E9DF996 /* Pods */ = {
			isa = PBXGroup;
			children = (
				F1801CE63ECC013D9C8C9BB6 /* Pods.debug.xcconfig */,
				B5997E727845063A13A5D63E /* Pods.release.xcconfig */,
			);
			name = Pods;
			sourceTree = "<group>";
		};
		D4F3CDABDCA581BFF7D35DBA /* Frameworks */ = {
			isa = PBXGroup;
			children = (
				29A5D1E01ACCCFB400D95B77 /* Reveal.framework */,
				543AF25BC3C38F0E432DD118 /* libPods.a */,
			);
			name = Frameworks;
			sourceTree = "<group>";
		};
/* End PBXGroup section */

/* Begin PBXNativeTarget section */
		290134D11AC3991C00BBFE29 /* Tomo */ = {
			isa = PBXNativeTarget;
			buildConfigurationList = 290134F11AC3991D00BBFE29 /* Build configuration list for PBXNativeTarget "Tomo" */;
			buildPhases = (
				546DC43AB5936DB66E7B724A /* Check Pods Manifest.lock */,
				290134CE1AC3991C00BBFE29 /* Sources */,
				290134CF1AC3991C00BBFE29 /* Frameworks */,
				290134D01AC3991C00BBFE29 /* Resources */,
				1544E371E91842C363DA7DB2 /* Copy Pods Resources */,
			);
			buildRules = (
			);
			dependencies = (
			);
			name = Tomo;
			productName = Tomo;
			productReference = 290134D21AC3991C00BBFE29 /* tomo.app */;
			productType = "com.apple.product-type.application";
		};
		290134E61AC3991C00BBFE29 /* TomoTests */ = {
			isa = PBXNativeTarget;
			buildConfigurationList = 290134F41AC3991D00BBFE29 /* Build configuration list for PBXNativeTarget "TomoTests" */;
			buildPhases = (
				8E963728F90426AE784A2C71 /* Check Pods Manifest.lock */,
				290134E31AC3991C00BBFE29 /* Sources */,
				290134E41AC3991C00BBFE29 /* Frameworks */,
				290134E51AC3991C00BBFE29 /* Resources */,
				0E9A8AE38E84BD3F2EF236AC /* Copy Pods Resources */,
			);
			buildRules = (
			);
			dependencies = (
				290134E91AC3991C00BBFE29 /* PBXTargetDependency */,
			);
			name = TomoTests;
			productName = TomoTests;
			productReference = 290134E71AC3991C00BBFE29 /* TomoTests.xctest */;
			productType = "com.apple.product-type.bundle.unit-test";
		};
/* End PBXNativeTarget section */

/* Begin PBXProject section */
		290134CA1AC3991C00BBFE29 /* Project object */ = {
			isa = PBXProject;
			attributes = {
				LastUpgradeCheck = 0620;
				ORGANIZATIONNAME = "&#24373;&#24535;&#33775;";
				TargetAttributes = {
					290134D11AC3991C00BBFE29 = {
						CreatedOnToolsVersion = 6.2;
					};
					290134E61AC3991C00BBFE29 = {
						CreatedOnToolsVersion = 6.2;
						TestTargetID = 290134D11AC3991C00BBFE29;
					};
					290135031AC3A57E00BBFE29 = {
						CreatedOnToolsVersion = 6.2;
					};
				};
			};
			buildConfigurationList = 290134CD1AC3991C00BBFE29 /* Build configuration list for PBXProject "Tomo" */;
			compatibilityVersion = "Xcode 3.2";
			developmentRegion = English;
			hasScannedForEncodings = 0;
			knownRegions = (
				en,
				Base,
			);
			mainGroup = 290134C91AC3991C00BBFE29;
			productRefGroup = 290134D31AC3991C00BBFE29 /* Products */;
			projectDirPath = "";
			projectRoot = "";
			targets = (
				290134D11AC3991C00BBFE29 /* Tomo */,
				290134E61AC3991C00BBFE29 /* TomoTests */,
				290135031AC3A57E00BBFE29 /* Mogenerator */,
			);
		};
/* End PBXProject section */

/* Begin PBXResourcesBuildPhase section */
		290134D01AC3991C00BBFE29 /* Resources */ = {
			isa = PBXResourcesBuildPhase;
			buildActionMask = 2147483647;
			files = (
				29A5D1DF1ACBE9CB00D95B77 /* RegPageData.plist in Resources */,
				290134DD1AC3991C00BBFE29 /* Main.storyboard in Resources */,
				1712BE461ACE57B6000A9C47 /* CommentsMapping.plist in Resources */,
				1712BE341ACE17AB000A9C47 /* ImagesMapping.plist in Resources */,
				1712BE3E1ACE4101000A9C47 /* DevicesMapping.plist in Resources */,
				1712BE321ACD0808000A9C47 /* MailSettingMapping.plist in Resources */,
				291ADF9B1AD24FAE009D8BE3 /* PostDetailHeaderView.xib in Resources */,
				291ADF9F1AD26575009D8BE3 /* AddPost.storyboard in Resources */,
				29A1AFFD1AC527BD00775765 /* GroupMapping.plist in Resources */,
				290134E21AC3991C00BBFE29 /* LaunchScreen.xib in Resources */,
				2942CCCF1ACCE5EA007CDC97 /* Newsfeed.storyboard in Resources */,
				29A5D1DB1ACBE03000D95B77 /* RegPageView.xib in Resources */,
				290134DF1AC3991C00BBFE29 /* Images.xcassets in Resources */,
				178D649E1ACC0DDF00185368 /* MessageMapping.plist in Resources */,
				29A1AFFA1AC414E900775765 /* PostMapping.plist in Resources */,
				2942CCD71ACD2B75007CDC97 /* NewsfeedCell.xib in Resources */,
				29A1B0061AC533A800775765 /* UserMapping.plist in Resources */,
			);
			runOnlyForDeploymentPostprocessing = 0;
		};
		290134E51AC3991C00BBFE29 /* Resources */ = {
			isa = PBXResourcesBuildPhase;
			buildActionMask = 2147483647;
			files = (
				1712BE501ACE60E7000A9C47 /* CommentsMapping.plist in Resources */,
				29A1AFFE1AC527BD00775765 /* GroupMapping.plist in Resources */,
				1712BE4E1ACE60DE000A9C47 /* ImagesMapping.plist in Resources */,
				1712BE4D1ACE60D6000A9C47 /* DevicesMapping.plist in Resources */,
				29A1AFFB1AC414E900775765 /* PostMapping.plist in Resources */,
				29A1B0071AC533A800775765 /* UserMapping.plist in Resources */,
				1712BE4F1ACE60E3000A9C47 /* MessageMapping.plist in Resources */,
			);
			runOnlyForDeploymentPostprocessing = 0;
		};
/* End PBXResourcesBuildPhase section */

/* Begin PBXShellScriptBuildPhase section */
		0E9A8AE38E84BD3F2EF236AC /* Copy Pods Resources */ = {
			isa = PBXShellScriptBuildPhase;
			buildActionMask = 2147483647;
			files = (
			);
			inputPaths = (
			);
			name = "Copy Pods Resources";
			outputPaths = (
			);
			runOnlyForDeploymentPostprocessing = 0;
			shellPath = /bin/sh;
			shellScript = "\"${SRCROOT}/Pods/Target Support Files/Pods/Pods-resources.sh\"\n";
			showEnvVarsInLog = 0;
		};
		1544E371E91842C363DA7DB2 /* Copy Pods Resources */ = {
			isa = PBXShellScriptBuildPhase;
			buildActionMask = 2147483647;
			files = (
			);
			inputPaths = (
			);
			name = "Copy Pods Resources";
			outputPaths = (
			);
			runOnlyForDeploymentPostprocessing = 0;
			shellPath = /bin/sh;
			shellScript = "\"${SRCROOT}/Pods/Target Support Files/Pods/Pods-resources.sh\"\n";
			showEnvVarsInLog = 0;
		};
		290135071AC3A58800BBFE29 /* ShellScript */ = {
			isa = PBXShellScriptBuildPhase;
			buildActionMask = 2147483647;
			files = (
			);
			inputPaths = (
			);
			outputPaths = (
			);
			runOnlyForDeploymentPostprocessing = 0;
			shellPath = /bin/sh;
			shellScript = "cd Model\n\nmogenerator --swift --template-var arc=true -m Model.xcdatamodeld/Model.xcdatamodel/ -M Machine/";
		};
		546DC43AB5936DB66E7B724A /* Check Pods Manifest.lock */ = {
			isa = PBXShellScriptBuildPhase;
			buildActionMask = 2147483647;
			files = (
			);
			inputPaths = (
			);
			name = "Check Pods Manifest.lock";
			outputPaths = (
			);
			runOnlyForDeploymentPostprocessing = 0;
			shellPath = /bin/sh;
			shellScript = "diff \"${PODS_ROOT}/../Podfile.lock\" \"${PODS_ROOT}/Manifest.lock\" > /dev/null\nif [[ $? != 0 ]] ; then\n    cat << EOM\nerror: The sandbox is not in sync with the Podfile.lock. Run 'pod install' or update your CocoaPods installation.\nEOM\n    exit 1\nfi\n";
			showEnvVarsInLog = 0;
		};
		8E963728F90426AE784A2C71 /* Check Pods Manifest.lock */ = {
			isa = PBXShellScriptBuildPhase;
			buildActionMask = 2147483647;
			files = (
			);
			inputPaths = (
			);
			name = "Check Pods Manifest.lock";
			outputPaths = (
			);
			runOnlyForDeploymentPostprocessing = 0;
			shellPath = /bin/sh;
			shellScript = "diff \"${PODS_ROOT}/../Podfile.lock\" \"${PODS_ROOT}/Manifest.lock\" > /dev/null\nif [[ $? != 0 ]] ; then\n    cat << EOM\nerror: The sandbox is not in sync with the Podfile.lock. Run 'pod install' or update your CocoaPods installation.\nEOM\n    exit 1\nfi\n";
			showEnvVarsInLog = 0;
		};
/* End PBXShellScriptBuildPhase section */

/* Begin PBXSourcesBuildPhase section */
		290134CE1AC3991C00BBFE29 /* Sources */ = {
			isa = PBXSourcesBuildPhase;
			buildActionMask = 2147483647;
			files = (
				291ADF991AD24F7B009D8BE3 /* PostDetailHeaderView.swift in Sources */,
				296040401ACE46E000D2A338 /* Constants.swift in Sources */,
				2901351A1AC3A79500BBFE29 /* _User.swift in Sources */,
				290134DA1AC3991C00BBFE29 /* ViewController.swift in Sources */,
				1712BE481ACE5A54000A9C47 /* Comments.swift in Sources */,
				299389501AD3C5C800043D91 /* S3.swift in Sources */,
				2942CCD11ACCE75A007CDC97 /* BaseViewController.swift in Sources */,
				2960404F1ACE75C500D2A338 /* AFDateExtension.swift in Sources */,
				1712BE2E1ACCE809000A9C47 /* Group.swift in Sources */,
				178D64A01ACC10B600185368 /* Message.swift in Sources */,
				1712BE4B1ACE5D0F000A9C47 /* _Comments.swift in Sources */,
				291ADF951AD229B3009D8BE3 /* CommentCell.swift in Sources */,
				290134D81AC3991C00BBFE29 /* AppDelegate.swift in Sources */,
				29C1DA7A1AD36659009A02CC /* S3Controller.swift in Sources */,
				1712BE381ACE183C000A9C47 /* _Images.swift in Sources */,
				1712BE361ACE1836000A9C47 /* Images.swift in Sources */,
				299389481AD3B33800043D91 /* AmazonS3RequestManager.swift in Sources */,
				1712BE2C1ACCE801000A9C47 /* _Group.swift in Sources */,
				29D398DB1ACB9C9100FB7E40 /* RegViewController.swift in Sources */,
				29A5D1D91ACBE01700D95B77 /* RegPageView.swift in Sources */,
				29C1DA7C1AD368EC009A02CC /* SwiftyUserDefaults.swift in Sources */,
				2942CCD31ACCF761007CDC97 /* NewsfeedViewController.swift in Sources */,
				1712BE421ACE413C000A9C47 /* Devices.swift in Sources */,
				2993894A1AD3B33800043D91 /* AmazonS3SignatureHelpers.m in Sources */,
				290134F81AC39F4600BBFE29 /* ApiController.swift in Sources */,
				29BE7E231AC55A28008110B4 /* MultilineLabel.swift in Sources */,
				29BE7E1B1AC54663008110B4 /* DBController.swift in Sources */,
				29A1AFF71AC4113000775765 /* _Post.swift in Sources */,
				2942CCD51ACD03BF007CDC97 /* NewsfeedCell.swift in Sources */,
				296040431ACE644800D2A338 /* TestData.swift in Sources */,
				296040461ACE669900D2A338 /* Alamofire.swift in Sources */,
				2942CCCD1ACCDB8D007CDC97 /* RegLoginViewController.swift in Sources */,
				291ADF921AD21C01009D8BE3 /* PostDetailViewController.swift in Sources */,
				291ADF9D1AD2654E009D8BE3 /* AddPostViewController.swift in Sources */,
				290135171AC3A78E00BBFE29 /* User.swift in Sources */,
				29A5D1DD1ACBE85C00D95B77 /* RegPageData.swift in Sources */,
				29BE7E121AC54224008110B4 /* Util.swift in Sources */,
				178D64A21ACC10BE00185368 /* _Message.swift in Sources */,
				290135121AC3A67200BBFE29 /* Model.xcdatamodeld in Sources */,
				1712BE401ACE4135000A9C47 /* _Devices.swift in Sources */,
				29A1AFF41AC4112800775765 /* Post.swift in Sources */,
			);
			runOnlyForDeploymentPostprocessing = 0;
		};
		290134E31AC3991C00BBFE29 /* Sources */ = {
			isa = PBXSourcesBuildPhase;
			buildActionMask = 2147483647;
			files = (
				291ADF971AD24892009D8BE3 /* AFDateExtension.swift in Sources */,
				296040411ACE476B00D2A338 /* ApiController.swift in Sources */,
				290135181AC3A78E00BBFE29 /* User.swift in Sources */,
				1712BE441ACE4143000A9C47 /* _Devices.swift in Sources */,
				2901351B1AC3A79500BBFE29 /* _User.swift in Sources */,
				1712BE2F1ACCE810000A9C47 /* Group.swift in Sources */,
				172EADD11ACC1C910039F42E /* Message.swift in Sources */,
				290135131AC3A67200BBFE29 /* Model.xcdatamodeld in Sources */,
				2960404C1ACE68C500D2A338 /* TestDataTests.swift in Sources */,
				29BE7E1C1AC54663008110B4 /* DBController.swift in Sources */,
				296040481ACE688500D2A338 /* Alamofire.swift in Sources */,
				1712BE3A1ACE195B000A9C47 /* _Images.swift in Sources */,
				29A1AFF81AC4113000775765 /* _Post.swift in Sources */,
				1712BE431ACE4140000A9C47 /* Devices.swift in Sources */,
				2993894B1AD3B33800043D91 /* AmazonS3SignatureHelpers.m in Sources */,
				1712BE301ACCE819000A9C47 /* _Group.swift in Sources */,
				296040471ACE687D00D2A338 /* TestData.swift in Sources */,
				2993894E1AD3B70200043D91 /* SwiftyUserDefaults.swift in Sources */,
				294BA32F1AC3D79100089204 /* ApiControllerTests.swift in Sources */,
				290134EE1AC3991D00BBFE29 /* TomoTests.swift in Sources */,
				299389491AD3B33800043D91 /* AmazonS3RequestManager.swift in Sources */,
				1712BE391ACE1958000A9C47 /* Images.swift in Sources */,
				1712BE4C1ACE5D12000A9C47 /* _Comments.swift in Sources */,
				299389511AD3C5C800043D91 /* S3.swift in Sources */,
				2901351E1AC3A90C00BBFE29 /* Constants.swift in Sources */,
				1712BE491ACE5D05000A9C47 /* Comments.swift in Sources */,
				29A1AFF51AC4112800775765 /* Post.swift in Sources */,
				291ADF961AD247C4009D8BE3 /* Util.swift in Sources */,
				172EADD01ACC1C850039F42E /* _Message.swift in Sources */,
				1712BE3C1ACE1E1B000A9C47 /* DBControllerTests.swift in Sources */,
			);
			runOnlyForDeploymentPostprocessing = 0;
		};
/* End PBXSourcesBuildPhase section */

/* Begin PBXTargetDependency section */
		290134E91AC3991C00BBFE29 /* PBXTargetDependency */ = {
			isa = PBXTargetDependency;
			target = 290134D11AC3991C00BBFE29 /* Tomo */;
			targetProxy = 290134E81AC3991C00BBFE29 /* PBXContainerItemProxy */;
		};
/* End PBXTargetDependency section */

/* Begin PBXVariantGroup section */
		290134DB1AC3991C00BBFE29 /* Main.storyboard */ = {
			isa = PBXVariantGroup;
			children = (
				290134DC1AC3991C00BBFE29 /* Base */,
			);
			name = Main.storyboard;
			path = Tomo;
			sourceTree = "<group>";
		};
		290134E01AC3991C00BBFE29 /* LaunchScreen.xib */ = {
			isa = PBXVariantGroup;
			children = (
				290134E11AC3991C00BBFE29 /* Base */,
			);
			name = LaunchScreen.xib;
			sourceTree = "<group>";
		};
/* End PBXVariantGroup section */

/* Begin XCBuildConfiguration section */
		290134EF1AC3991D00BBFE29 /* Debug */ = {
			isa = XCBuildConfiguration;
			buildSettings = {
				ALWAYS_SEARCH_USER_PATHS = NO;
				CLANG_CXX_LANGUAGE_STANDARD = "gnu++0x";
				CLANG_CXX_LIBRARY = "libc++";
				CLANG_ENABLE_MODULES = YES;
				CLANG_ENABLE_OBJC_ARC = YES;
				CLANG_WARN_BOOL_CONVERSION = YES;
				CLANG_WARN_CONSTANT_CONVERSION = YES;
				CLANG_WARN_DIRECT_OBJC_ISA_USAGE = YES_ERROR;
				CLANG_WARN_EMPTY_BODY = YES;
				CLANG_WARN_ENUM_CONVERSION = YES;
				CLANG_WARN_INT_CONVERSION = YES;
				CLANG_WARN_OBJC_ROOT_CLASS = YES_ERROR;
				CLANG_WARN_UNREACHABLE_CODE = YES;
				CLANG_WARN__DUPLICATE_METHOD_MATCH = YES;
				"CODE_SIGN_IDENTITY[sdk=iphoneos*]" = "iPhone Developer";
				COPY_PHASE_STRIP = NO;
				ENABLE_STRICT_OBJC_MSGSEND = YES;
				GCC_C_LANGUAGE_STANDARD = gnu99;
				GCC_DYNAMIC_NO_PIC = NO;
				GCC_OPTIMIZATION_LEVEL = 0;
				GCC_PREPROCESSOR_DEFINITIONS = (
					"DEBUG=1",
					"$(inherited)",
				);
				GCC_SYMBOLS_PRIVATE_EXTERN = NO;
				GCC_WARN_64_TO_32_BIT_CONVERSION = YES;
				GCC_WARN_ABOUT_RETURN_TYPE = YES_ERROR;
				GCC_WARN_UNDECLARED_SELECTOR = YES;
				GCC_WARN_UNINITIALIZED_AUTOS = YES_AGGRESSIVE;
				GCC_WARN_UNUSED_FUNCTION = YES;
				GCC_WARN_UNUSED_VARIABLE = YES;
				IPHONEOS_DEPLOYMENT_TARGET = 8.2;
				MTL_ENABLE_DEBUG_INFO = YES;
				ONLY_ACTIVE_ARCH = YES;
				SDKROOT = iphoneos;
				SWIFT_OPTIMIZATION_LEVEL = "-Onone";
			};
			name = Debug;
		};
		290134F01AC3991D00BBFE29 /* Release */ = {
			isa = XCBuildConfiguration;
			buildSettings = {
				ALWAYS_SEARCH_USER_PATHS = NO;
				CLANG_CXX_LANGUAGE_STANDARD = "gnu++0x";
				CLANG_CXX_LIBRARY = "libc++";
				CLANG_ENABLE_MODULES = YES;
				CLANG_ENABLE_OBJC_ARC = YES;
				CLANG_WARN_BOOL_CONVERSION = YES;
				CLANG_WARN_CONSTANT_CONVERSION = YES;
				CLANG_WARN_DIRECT_OBJC_ISA_USAGE = YES_ERROR;
				CLANG_WARN_EMPTY_BODY = YES;
				CLANG_WARN_ENUM_CONVERSION = YES;
				CLANG_WARN_INT_CONVERSION = YES;
				CLANG_WARN_OBJC_ROOT_CLASS = YES_ERROR;
				CLANG_WARN_UNREACHABLE_CODE = YES;
				CLANG_WARN__DUPLICATE_METHOD_MATCH = YES;
				"CODE_SIGN_IDENTITY[sdk=iphoneos*]" = "iPhone Distribution: E-BUSINESS Inc.";
				COPY_PHASE_STRIP = NO;
				ENABLE_NS_ASSERTIONS = NO;
				ENABLE_STRICT_OBJC_MSGSEND = YES;
				GCC_C_LANGUAGE_STANDARD = gnu99;
				GCC_WARN_64_TO_32_BIT_CONVERSION = YES;
				GCC_WARN_ABOUT_RETURN_TYPE = YES_ERROR;
				GCC_WARN_UNDECLARED_SELECTOR = YES;
				GCC_WARN_UNINITIALIZED_AUTOS = YES_AGGRESSIVE;
				GCC_WARN_UNUSED_FUNCTION = YES;
				GCC_WARN_UNUSED_VARIABLE = YES;
				IPHONEOS_DEPLOYMENT_TARGET = 8.2;
				MTL_ENABLE_DEBUG_INFO = NO;
				PROVISIONING_PROFILE = "86cfd64e-cf6f-466b-ae99-f63fb8fbb46c";
				SDKROOT = iphoneos;
				VALIDATE_PRODUCT = YES;
			};
			name = Release;
		};
		290134F21AC3991D00BBFE29 /* Debug */ = {
			isa = XCBuildConfiguration;
			baseConfigurationReference = F1801CE63ECC013D9C8C9BB6 /* Pods.debug.xcconfig */;
			buildSettings = {
				ASSETCATALOG_COMPILER_APPICON_NAME = AppIcon;
				CLANG_ENABLE_MODULES = YES;
				FRAMEWORK_SEARCH_PATHS = (
					"$(inherited)",
					"$(PROJECT_DIR)",
				);
				INFOPLIST_FILE = Tomo/Info.plist;
				IPHONEOS_DEPLOYMENT_TARGET = 7.0;
				LD_RUNPATH_SEARCH_PATHS = "$(inherited) @executable_path/Frameworks";
				OTHER_LDFLAGS = (
					"$(inherited)",
					"-ObjC",
					"-lz",
					"-framework",
					Reveal,
					"-l\"Pods-AFNetworking\"",
					"-l\"Pods-ISO8601DateFormatterValueTransformer\"",
					"-l\"Pods-JSQMessagesViewController\"",
					"-l\"Pods-JSQSystemSoundPlayer\"",
					"-l\"Pods-MagicalRecord\"",
					"-l\"Pods-NYXImagesKit\"",
					"-l\"Pods-RKValueTransformers\"",
					"-l\"Pods-RestKit\"",
					"-l\"Pods-SOCKit\"",
					"-l\"Pods-SVProgressHUD\"",
					"-l\"Pods-TransitionKit\"",
					"-l\"Pods-UIColor-HexString\"",
					"-framework",
					"\"Accelerate\"",
					"-framework",
					"\"AssetsLibrary\"",
					"-framework",
					"\"AudioToolbox\"",
					"-framework",
					"\"CFNetwork\"",
					"-framework",
					"\"CoreData\"",
					"-framework",
					"\"CoreGraphics\"",
					"-framework",
					"\"CoreImage\"",
					"-framework",
					"\"CoreLocation\"",
					"-framework",
					"\"Foundation\"",
					"-framework",
					"\"ImageIO\"",
					"-framework",
					"\"MapKit\"",
					"-framework",
					"\"MobileCoreServices\"",
					"-framework",
					"\"QuartzCore\"",
					"-framework",
					"\"Security\"",
					"-framework",
					"\"SystemConfiguration\"",
					"-framework",
					"\"UIKit\"",
				);
				OTHER_SWIFT_FLAGS = "-D DEBUG -D AutoLogin";
				PRODUCT_NAME = tomo;
				SWIFT_OBJC_BRIDGING_HEADER = "Tomo-Bridging-Header.h";
				SWIFT_OPTIMIZATION_LEVEL = "-Onone";
			};
			name = Debug;
		};
		290134F31AC3991D00BBFE29 /* Release */ = {
			isa = XCBuildConfiguration;
			baseConfigurationReference = B5997E727845063A13A5D63E /* Pods.release.xcconfig */;
			buildSettings = {
				ASSETCATALOG_COMPILER_APPICON_NAME = AppIcon;
				CLANG_ENABLE_MODULES = YES;
				FRAMEWORK_SEARCH_PATHS = (
					"$(inherited)",
					"$(PROJECT_DIR)",
				);
				INFOPLIST_FILE = Tomo/Info.plist;
				IPHONEOS_DEPLOYMENT_TARGET = 7.0;
				LD_RUNPATH_SEARCH_PATHS = "$(inherited) @executable_path/Frameworks";
				OTHER_LDFLAGS = (
					"$(inherited)",
					"-ObjC",
					"-l\"Pods-AFNetworking\"",
					"-l\"Pods-ISO8601DateFormatterValueTransformer\"",
					"-l\"Pods-JSQMessagesViewController\"",
					"-l\"Pods-JSQSystemSoundPlayer\"",
					"-l\"Pods-MagicalRecord\"",
					"-l\"Pods-NYXImagesKit\"",
					"-l\"Pods-RKValueTransformers\"",
					"-l\"Pods-RestKit\"",
					"-l\"Pods-SOCKit\"",
					"-l\"Pods-SVProgressHUD\"",
					"-l\"Pods-TransitionKit\"",
					"-l\"Pods-UIColor-HexString\"",
					"-framework",
					"\"Accelerate\"",
					"-framework",
					"\"AssetsLibrary\"",
					"-framework",
					"\"AudioToolbox\"",
					"-framework",
					"\"CFNetwork\"",
					"-framework",
					"\"CoreData\"",
					"-framework",
					"\"CoreGraphics\"",
					"-framework",
					"\"CoreImage\"",
					"-framework",
					"\"CoreLocation\"",
					"-framework",
					"\"Foundation\"",
					"-framework",
					"\"ImageIO\"",
					"-framework",
					"\"MapKit\"",
					"-framework",
					"\"MobileCoreServices\"",
					"-framework",
					"\"QuartzCore\"",
					"-framework",
					"\"Security\"",
					"-framework",
					"\"SystemConfiguration\"",
					"-framework",
					"\"UIKit\"",
				);
				PRODUCT_NAME = tomo;
				SWIFT_OBJC_BRIDGING_HEADER = "Tomo-Bridging-Header.h";
				SWIFT_OPTIMIZATION_LEVEL = "-Onone";
			};
			name = Release;
		};
		290134F51AC3991D00BBFE29 /* Debug */ = {
			isa = XCBuildConfiguration;
			baseConfigurationReference = F1801CE63ECC013D9C8C9BB6 /* Pods.debug.xcconfig */;
			buildSettings = {
				BUNDLE_LOADER = "$(TEST_HOST)";
				FRAMEWORK_SEARCH_PATHS = (
					"$(SDKROOT)/Developer/Library/Frameworks",
					"$(inherited)",
				);
				GCC_PREPROCESSOR_DEFINITIONS = (
					"DEBUG=1",
					"$(inherited)",
				);
				INFOPLIST_FILE = TomoTests/Info.plist;
				LD_RUNPATH_SEARCH_PATHS = "$(inherited) @executable_path/Frameworks @loader_path/Frameworks";
				PRODUCT_NAME = "$(TARGET_NAME)";
				SWIFT_OBJC_BRIDGING_HEADER = "Tomo-Bridging-Header.h";
				TEST_HOST = "$(BUILT_PRODUCTS_DIR)/Tomo.app/Tomo";
			};
			name = Debug;
		};
		290134F61AC3991D00BBFE29 /* Release */ = {
			isa = XCBuildConfiguration;
			baseConfigurationReference = B5997E727845063A13A5D63E /* Pods.release.xcconfig */;
			buildSettings = {
				BUNDLE_LOADER = "$(TEST_HOST)";
				FRAMEWORK_SEARCH_PATHS = (
					"$(SDKROOT)/Developer/Library/Frameworks",
					"$(inherited)",
				);
				INFOPLIST_FILE = TomoTests/Info.plist;
				LD_RUNPATH_SEARCH_PATHS = "$(inherited) @executable_path/Frameworks @loader_path/Frameworks";
				PRODUCT_NAME = "$(TARGET_NAME)";
				SWIFT_OBJC_BRIDGING_HEADER = "Tomo-Bridging-Header.h";
				TEST_HOST = "$(BUILT_PRODUCTS_DIR)/Tomo.app/Tomo";
			};
			name = Release;
		};
		290135051AC3A57E00BBFE29 /* Debug */ = {
			isa = XCBuildConfiguration;
			buildSettings = {
				PRODUCT_NAME = "$(TARGET_NAME)";
			};
			name = Debug;
		};
		290135061AC3A57E00BBFE29 /* Release */ = {
			isa = XCBuildConfiguration;
			buildSettings = {
				PRODUCT_NAME = "$(TARGET_NAME)";
			};
			name = Release;
		};
/* End XCBuildConfiguration section */

/* Begin XCConfigurationList section */
		290134CD1AC3991C00BBFE29 /* Build configuration list for PBXProject "Tomo" */ = {
			isa = XCConfigurationList;
			buildConfigurations = (
				290134EF1AC3991D00BBFE29 /* Debug */,
				290134F01AC3991D00BBFE29 /* Release */,
			);
			defaultConfigurationIsVisible = 0;
			defaultConfigurationName = Release;
		};
		290134F11AC3991D00BBFE29 /* Build configuration list for PBXNativeTarget "Tomo" */ = {
			isa = XCConfigurationList;
			buildConfigurations = (
				290134F21AC3991D00BBFE29 /* Debug */,
				290134F31AC3991D00BBFE29 /* Release */,
			);
			defaultConfigurationIsVisible = 0;
			defaultConfigurationName = Release;
		};
		290134F41AC3991D00BBFE29 /* Build configuration list for PBXNativeTarget "TomoTests" */ = {
			isa = XCConfigurationList;
			buildConfigurations = (
				290134F51AC3991D00BBFE29 /* Debug */,
				290134F61AC3991D00BBFE29 /* Release */,
			);
			defaultConfigurationIsVisible = 0;
			defaultConfigurationName = Release;
		};
		290135041AC3A57E00BBFE29 /* Build configuration list for PBXAggregateTarget "Mogenerator" */ = {
			isa = XCConfigurationList;
			buildConfigurations = (
				290135051AC3A57E00BBFE29 /* Debug */,
				290135061AC3A57E00BBFE29 /* Release */,
			);
			defaultConfigurationIsVisible = 0;
			defaultConfigurationName = Release;
		};
/* End XCConfigurationList section */

/* Begin XCVersionGroup section */
		2901350C1AC3A67200BBFE29 /* Model.xcdatamodeld */ = {
			isa = XCVersionGroup;
			children = (
				2901350D1AC3A67200BBFE29 /* Model.xcdatamodel */,
			);
			currentVersion = 2901350D1AC3A67200BBFE29 /* Model.xcdatamodel */;
			path = Model.xcdatamodeld;
			sourceTree = "<group>";
			versionGroupType = wrapper.xcdatamodel;
		};
/* End XCVersionGroup section */
	};
	rootObject = 290134CA1AC3991C00BBFE29 /* Project object */;
}
